// !$*UTF8*$!
{
	archiveVersion = 1;
	classes = {
	};
	objectVersion = 46;
	objects = {

/* Begin PBXBuildFile section */
		23FE62EB185ADFA00014E233 /* ofxEasyFft.cpp in Sources */ = {isa = PBXBuildFile; fileRef = 23FE62D7185ADFA00014E233 /* ofxEasyFft.cpp */; };
		23FE62EC185ADFA00014E233 /* ofxFft.cpp in Sources */ = {isa = PBXBuildFile; fileRef = 23FE62D9185ADFA00014E233 /* ofxFft.cpp */; };
		23FE62ED185ADFA00014E233 /* ofxFftBasic.cpp in Sources */ = {isa = PBXBuildFile; fileRef = 23FE62DB185ADFA00014E233 /* ofxFftBasic.cpp */; };
		23FE62EE185ADFA00014E233 /* ofxFftw.cpp in Sources */ = {isa = PBXBuildFile; fileRef = 23FE62DD185ADFA00014E233 /* ofxFftw.cpp */; };
		23FE62EF185ADFA00014E233 /* kiss_fft.c in Sources */ = {isa = PBXBuildFile; fileRef = 23FE62E7185ADFA00014E233 /* kiss_fft.c */; };
		23FE62F0185ADFA00014E233 /* kiss_fftr.c in Sources */ = {isa = PBXBuildFile; fileRef = 23FE62E9185ADFA00014E233 /* kiss_fftr.c */; };
		23FE62F4185AE1D90014E233 /* Sphere.cpp in Sources */ = {isa = PBXBuildFile; fileRef = 23FE62F2185AE1D90014E233 /* Sphere.cpp */; };
		23FE62F7185AE1EF0014E233 /* FlowField.cpp in Sources */ = {isa = PBXBuildFile; fileRef = 23FE62F5185AE1EF0014E233 /* FlowField.cpp */; };
		23FE62FD185B92A70014E233 /* Ripple.cpp in Sources */ = {isa = PBXBuildFile; fileRef = 23FE62FB185B92A70014E233 /* Ripple.cpp */; };
		23FE6307185BBF0A0014E233 /* FlockController.cpp in Sources */ = {isa = PBXBuildFile; fileRef = 23FE6305185BBF0A0014E233 /* FlockController.cpp */; };
		23FE630A185BBF1D0014E233 /* Flock.cpp in Sources */ = {isa = PBXBuildFile; fileRef = 23FE6308185BBF1D0014E233 /* Flock.cpp */; };
		284DCB34184E558C0078D85A /* Particle.cpp in Sources */ = {isa = PBXBuildFile; fileRef = 284DCB32184E558C0078D85A /* Particle.cpp */; };
		2863A8871856303500450AB1 /* ofxFluid.cpp in Sources */ = {isa = PBXBuildFile; fileRef = 2863A8851856303500450AB1 /* ofxFluid.cpp */; };
		2869A815185AA6EF0026F959 /* ofxFluid.cpp in Sources */ = {isa = PBXBuildFile; fileRef = 2869A813185AA6EF0026F959 /* ofxFluid.cpp */; };
		28DCEFDD1855332600C197AA /* ofxFXObject.cpp in Sources */ = {isa = PBXBuildFile; fileRef = 28DCEFD21855332600C197AA /* ofxFXObject.cpp */; };
		2DCE4DD48AAD90D68EA4B336 /* IpEndpointName.cpp in Sources */ = {isa = PBXBuildFile; fileRef = ACFF0289433368CB4156659B /* IpEndpointName.cpp */; };
		4EB82DDCDBCEB19DF1BBC830 /* ofxOscReceiver.cpp in Sources */ = {isa = PBXBuildFile; fileRef = 8AFD7857B3FE8266C55254AA /* ofxOscReceiver.cpp */; };
		7794F5538C2D16D77DFB5227 /* OscTypes.cpp in Sources */ = {isa = PBXBuildFile; fileRef = 729B762B788F34D4D150C864 /* OscTypes.cpp */; };
		77C2E94C075049D7F4187191 /* OscReceivedElements.cpp in Sources */ = {isa = PBXBuildFile; fileRef = C9E6CDE82D36643BE7827CAF /* OscReceivedElements.cpp */; };
		98D5C8BE6855DFB82389EF1B /* ofxOscParameterSync.cpp in Sources */ = {isa = PBXBuildFile; fileRef = A91760EEA556169162562535 /* ofxOscParameterSync.cpp */; };
		9A0593776804808C1614FFE0 /* OscOutboundPacketStream.cpp in Sources */ = {isa = PBXBuildFile; fileRef = 74B15920AF1DE197E3B5D66D /* OscOutboundPacketStream.cpp */; };
		A0B6C0F560911CB6C464CE57 /* NetworkingUtils.cpp in Sources */ = {isa = PBXBuildFile; fileRef = E3C9C68F5D8616DA86D19E7B /* NetworkingUtils.cpp */; };
		BBAB23CB13894F3D00AA2426 /* GLUT.framework in CopyFiles */ = {isa = PBXBuildFile; fileRef = BBAB23BE13894E4700AA2426 /* GLUT.framework */; };
		BE2367FD2A232B44924FC542 /* UdpSocket.cpp in Sources */ = {isa = PBXBuildFile; fileRef = 4AF226ABA6D871030D930059 /* UdpSocket.cpp */; };
		C4DD974EAB7A927790BA95FE /* ofxOscBundle.cpp in Sources */ = {isa = PBXBuildFile; fileRef = D4DFCE10B3B1C0255A33CE56 /* ofxOscBundle.cpp */; };
		C70D60C95D02ADEADB8ED536 /* ofxOscMessage.cpp in Sources */ = {isa = PBXBuildFile; fileRef = FF03A8C71D400BA26F7E3ADF /* ofxOscMessage.cpp */; };
		D052FBB15D29479BAC13888D /* NetworkingUtilsWin.cpp in Sources */ = {isa = PBXBuildFile; fileRef = 72100AD2BEA6F9743F6EB84E /* NetworkingUtilsWin.cpp */; };
		D993B8239A2AE0DB64C3BED6 /* ofxOscSender.cpp in Sources */ = {isa = PBXBuildFile; fileRef = 0892932743FEE79A26328BAC /* ofxOscSender.cpp */; };
		DA8404B21847FEC67EF3BBBA /* UdpSocketWin.cpp in Sources */ = {isa = PBXBuildFile; fileRef = 014B2CE864CA7B271DABB54D /* UdpSocketWin.cpp */; };
		E4328149138ABC9F0047C5CB /* openFrameworksDebug.a in Frameworks */ = {isa = PBXBuildFile; fileRef = E4328148138ABC890047C5CB /* openFrameworksDebug.a */; };
		E45BE97B0E8CC7DD009D7055 /* AGL.framework in Frameworks */ = {isa = PBXBuildFile; fileRef = E45BE9710E8CC7DD009D7055 /* AGL.framework */; };
		E45BE97C0E8CC7DD009D7055 /* ApplicationServices.framework in Frameworks */ = {isa = PBXBuildFile; fileRef = E45BE9720E8CC7DD009D7055 /* ApplicationServices.framework */; };
		E45BE97D0E8CC7DD009D7055 /* AudioToolbox.framework in Frameworks */ = {isa = PBXBuildFile; fileRef = E45BE9730E8CC7DD009D7055 /* AudioToolbox.framework */; };
		E45BE97E0E8CC7DD009D7055 /* Carbon.framework in Frameworks */ = {isa = PBXBuildFile; fileRef = E45BE9740E8CC7DD009D7055 /* Carbon.framework */; };
		E45BE97F0E8CC7DD009D7055 /* CoreAudio.framework in Frameworks */ = {isa = PBXBuildFile; fileRef = E45BE9750E8CC7DD009D7055 /* CoreAudio.framework */; };
		E45BE9800E8CC7DD009D7055 /* CoreFoundation.framework in Frameworks */ = {isa = PBXBuildFile; fileRef = E45BE9760E8CC7DD009D7055 /* CoreFoundation.framework */; };
		E45BE9810E8CC7DD009D7055 /* CoreServices.framework in Frameworks */ = {isa = PBXBuildFile; fileRef = E45BE9770E8CC7DD009D7055 /* CoreServices.framework */; };
		E45BE9830E8CC7DD009D7055 /* OpenGL.framework in Frameworks */ = {isa = PBXBuildFile; fileRef = E45BE9790E8CC7DD009D7055 /* OpenGL.framework */; };
		E45BE9840E8CC7DD009D7055 /* QuickTime.framework in Frameworks */ = {isa = PBXBuildFile; fileRef = E45BE97A0E8CC7DD009D7055 /* QuickTime.framework */; };
		E4B69E200A3A1BDC003C02F2 /* main.cpp in Sources */ = {isa = PBXBuildFile; fileRef = E4B69E1D0A3A1BDC003C02F2 /* main.cpp */; };
		E4B69E210A3A1BDC003C02F2 /* testApp.cpp in Sources */ = {isa = PBXBuildFile; fileRef = E4B69E1E0A3A1BDC003C02F2 /* testApp.cpp */; };
		E4C2424710CC5A17004149E2 /* AppKit.framework in Frameworks */ = {isa = PBXBuildFile; fileRef = E4C2424410CC5A17004149E2 /* AppKit.framework */; };
		E4C2424810CC5A17004149E2 /* Cocoa.framework in Frameworks */ = {isa = PBXBuildFile; fileRef = E4C2424510CC5A17004149E2 /* Cocoa.framework */; };
		E4C2424910CC5A17004149E2 /* IOKit.framework in Frameworks */ = {isa = PBXBuildFile; fileRef = E4C2424610CC5A17004149E2 /* IOKit.framework */; };
		E4EB6799138ADC1D00A09F29 /* GLUT.framework in Frameworks */ = {isa = PBXBuildFile; fileRef = BBAB23BE13894E4700AA2426 /* GLUT.framework */; };
		E7E077E515D3B63C0020DFD4 /* CoreVideo.framework in Frameworks */ = {isa = PBXBuildFile; fileRef = E7E077E415D3B63C0020DFD4 /* CoreVideo.framework */; };
		E7E077E815D3B6510020DFD4 /* QTKit.framework in Frameworks */ = {isa = PBXBuildFile; fileRef = E7E077E715D3B6510020DFD4 /* QTKit.framework */; };
		E7F985F815E0DEA3003869B5 /* Accelerate.framework in Frameworks */ = {isa = PBXBuildFile; fileRef = E7F985F515E0DE99003869B5 /* Accelerate.framework */; };
		ED0180001E9AB956837298B8 /* OscPrintReceivedElements.cpp in Sources */ = {isa = PBXBuildFile; fileRef = 7A0CD20B02B572AC866858FC /* OscPrintReceivedElements.cpp */; };
/* End PBXBuildFile section */

/* Begin PBXContainerItemProxy section */
		E4328147138ABC890047C5CB /* PBXContainerItemProxy */ = {
			isa = PBXContainerItemProxy;
			containerPortal = E4328143138ABC890047C5CB /* openFrameworksLib.xcodeproj */;
			proxyType = 2;
			remoteGlobalIDString = E4B27C1510CBEB8E00536013;
			remoteInfo = openFrameworks;
		};
		E4EEB9AB138B136A00A80321 /* PBXContainerItemProxy */ = {
			isa = PBXContainerItemProxy;
			containerPortal = E4328143138ABC890047C5CB /* openFrameworksLib.xcodeproj */;
			proxyType = 1;
			remoteGlobalIDString = E4B27C1410CBEB8E00536013;
			remoteInfo = openFrameworks;
		};
/* End PBXContainerItemProxy section */

/* Begin PBXCopyFilesBuildPhase section */
		E4C2427710CC5ABF004149E2 /* CopyFiles */ = {
			isa = PBXCopyFilesBuildPhase;
			buildActionMask = 2147483647;
			dstPath = "";
			dstSubfolderSpec = 10;
			files = (
				BBAB23CB13894F3D00AA2426 /* GLUT.framework in CopyFiles */,
			);
			runOnlyForDeploymentPostprocessing = 0;
		};
/* End PBXCopyFilesBuildPhase section */

/* Begin PBXFileReference section */
		014B2CE864CA7B271DABB54D /* UdpSocketWin.cpp */ = {isa = PBXFileReference; explicitFileType = sourcecode.cpp.cpp; fileEncoding = 30; name = UdpSocketWin.cpp; path = ../../../../OFX/addons/ofxOsc/libs/oscpack/src/ip/win32/UdpSocketWin.cpp; sourceTree = SOURCE_ROOT; };
		01E3C98AA8675376EC5CFAE9 /* OscException.h */ = {isa = PBXFileReference; explicitFileType = sourcecode.c.h; fileEncoding = 30; name = OscException.h; path = ../../../../OFX/addons/ofxOsc/libs/oscpack/src/osc/OscException.h; sourceTree = SOURCE_ROOT; };
		036918ACE01DC7E0DA03BC68 /* ofxUIWaveform.h */ = {isa = PBXFileReference; explicitFileType = sourcecode.c.h; fileEncoding = 30; name = ofxUIWaveform.h; path = ../../../../OFX/addons/ofxUI/src/ofxUIWaveform.h; sourceTree = SOURCE_ROOT; };
		04909F1966FE1D587F25AC04 /* UdpSocket.h */ = {isa = PBXFileReference; explicitFileType = sourcecode.c.h; fileEncoding = 30; name = UdpSocket.h; path = ../../../../OFX/addons/ofxOsc/libs/oscpack/src/ip/UdpSocket.h; sourceTree = SOURCE_ROOT; };
		0892932743FEE79A26328BAC /* ofxOscSender.cpp */ = {isa = PBXFileReference; explicitFileType = sourcecode.cpp.cpp; fileEncoding = 30; name = ofxOscSender.cpp; path = ../../../../OFX/addons/ofxOsc/src/ofxOscSender.cpp; sourceTree = SOURCE_ROOT; };
		143AAAA99BDC05C915517C08 /* ofxUIImage.h */ = {isa = PBXFileReference; explicitFileType = sourcecode.c.h; fileEncoding = 30; name = ofxUIImage.h; path = ../../../../OFX/addons/ofxUI/src/ofxUIImage.h; sourceTree = SOURCE_ROOT; };
		166AA5D75965A45A2DFE8C9E /* OscPacketListener.h */ = {isa = PBXFileReference; explicitFileType = sourcecode.c.h; fileEncoding = 30; name = OscPacketListener.h; path = ../../../../OFX/addons/ofxOsc/libs/oscpack/src/osc/OscPacketListener.h; sourceTree = SOURCE_ROOT; };
		18CA8C7C1D7C2D9925617CC7 /* ofxUIButton.h */ = {isa = PBXFileReference; explicitFileType = sourcecode.c.h; fileEncoding = 30; name = ofxUIButton.h; path = ../../../../OFX/addons/ofxUI/src/ofxUIButton.h; sourceTree = SOURCE_ROOT; };
		1F1BB3AB5BC4BCAB2E118B3C /* ofxUINumberDialer.h */ = {isa = PBXFileReference; explicitFileType = sourcecode.c.h; fileEncoding = 30; name = ofxUINumberDialer.h; path = ../../../../OFX/addons/ofxUI/src/ofxUINumberDialer.h; sourceTree = SOURCE_ROOT; };
		23B34D7DD87BAE3587D7BCB3 /* ofxUIRadio.h */ = {isa = PBXFileReference; explicitFileType = sourcecode.c.h; fileEncoding = 30; name = ofxUIRadio.h; path = ../../../../OFX/addons/ofxUI/src/ofxUIRadio.h; sourceTree = SOURCE_ROOT; };
		23E8ED65DC602C899431316C /* ofxUIImageSampler.h */ = {isa = PBXFileReference; explicitFileType = sourcecode.c.h; fileEncoding = 30; name = ofxUIImageSampler.h; path = ../../../../OFX/addons/ofxUI/src/ofxUIImageSampler.h; sourceTree = SOURCE_ROOT; };
		23FE62D7185ADFA00014E233 /* ofxEasyFft.cpp */ = {isa = PBXFileReference; lastKnownFileType = sourcecode.cpp.cpp; path = ofxEasyFft.cpp; sourceTree = "<group>"; };
		23FE62D8185ADFA00014E233 /* ofxEasyFft.h */ = {isa = PBXFileReference; lastKnownFileType = sourcecode.c.h; path = ofxEasyFft.h; sourceTree = "<group>"; };
		23FE62D9185ADFA00014E233 /* ofxFft.cpp */ = {isa = PBXFileReference; lastKnownFileType = sourcecode.cpp.cpp; path = ofxFft.cpp; sourceTree = "<group>"; };
		23FE62DA185ADFA00014E233 /* ofxFft.h */ = {isa = PBXFileReference; lastKnownFileType = sourcecode.c.h; path = ofxFft.h; sourceTree = "<group>"; };
		23FE62DB185ADFA00014E233 /* ofxFftBasic.cpp */ = {isa = PBXFileReference; lastKnownFileType = sourcecode.cpp.cpp; path = ofxFftBasic.cpp; sourceTree = "<group>"; };
		23FE62DC185ADFA00014E233 /* ofxFftBasic.h */ = {isa = PBXFileReference; lastKnownFileType = sourcecode.c.h; path = ofxFftBasic.h; sourceTree = "<group>"; };
		23FE62DD185ADFA00014E233 /* ofxFftw.cpp */ = {isa = PBXFileReference; lastKnownFileType = sourcecode.cpp.cpp; path = ofxFftw.cpp; sourceTree = "<group>"; };
		23FE62DE185ADFA00014E233 /* ofxFftw.h */ = {isa = PBXFileReference; lastKnownFileType = sourcecode.c.h; path = ofxFftw.h; sourceTree = "<group>"; };
		23FE62E2185ADFA00014E233 /* fftw3.h */ = {isa = PBXFileReference; lastKnownFileType = sourcecode.c.h; path = fftw3.h; sourceTree = "<group>"; };
		23FE62E4185ADFA00014E233 /* .gitignore */ = {isa = PBXFileReference; lastKnownFileType = text; path = .gitignore; sourceTree = "<group>"; };
		23FE62E6185ADFA00014E233 /* _kiss_fft_guts.h */ = {isa = PBXFileReference; lastKnownFileType = sourcecode.c.h; path = _kiss_fft_guts.h; sourceTree = "<group>"; };
		23FE62E7185ADFA00014E233 /* kiss_fft.c */ = {isa = PBXFileReference; lastKnownFileType = sourcecode.c.c; path = kiss_fft.c; sourceTree = "<group>"; };
		23FE62E8185ADFA00014E233 /* kiss_fft.h */ = {isa = PBXFileReference; lastKnownFileType = sourcecode.c.h; path = kiss_fft.h; sourceTree = "<group>"; };
		23FE62E9185ADFA00014E233 /* kiss_fftr.c */ = {isa = PBXFileReference; lastKnownFileType = sourcecode.c.c; path = kiss_fftr.c; sourceTree = "<group>"; };
		23FE62EA185ADFA00014E233 /* kiss_fftr.h */ = {isa = PBXFileReference; lastKnownFileType = sourcecode.c.h; path = kiss_fftr.h; sourceTree = "<group>"; };
		23FE62F2185AE1D90014E233 /* Sphere.cpp */ = {isa = PBXFileReference; fileEncoding = 4; lastKnownFileType = sourcecode.cpp.cpp; path = Sphere.cpp; sourceTree = "<group>"; };
		23FE62F3185AE1D90014E233 /* Sphere.h */ = {isa = PBXFileReference; fileEncoding = 4; lastKnownFileType = sourcecode.c.h; path = Sphere.h; sourceTree = "<group>"; };
		23FE62F5185AE1EF0014E233 /* FlowField.cpp */ = {isa = PBXFileReference; fileEncoding = 4; lastKnownFileType = sourcecode.cpp.cpp; path = FlowField.cpp; sourceTree = "<group>"; };
		23FE62F6185AE1EF0014E233 /* FlowField.h */ = {isa = PBXFileReference; fileEncoding = 4; lastKnownFileType = sourcecode.c.h; path = FlowField.h; sourceTree = "<group>"; };
		23FE62FB185B92A70014E233 /* Ripple.cpp */ = {isa = PBXFileReference; fileEncoding = 4; lastKnownFileType = sourcecode.cpp.cpp; path = Ripple.cpp; sourceTree = "<group>"; };
		23FE62FC185B92A70014E233 /* Ripple.h */ = {isa = PBXFileReference; fileEncoding = 4; lastKnownFileType = sourcecode.c.h; path = Ripple.h; sourceTree = "<group>"; };
		23FE6305185BBF0A0014E233 /* FlockController.cpp */ = {isa = PBXFileReference; fileEncoding = 4; lastKnownFileType = sourcecode.cpp.cpp; path = FlockController.cpp; sourceTree = "<group>"; };
		23FE6306185BBF0A0014E233 /* FlockController.h */ = {isa = PBXFileReference; fileEncoding = 4; lastKnownFileType = sourcecode.c.h; path = FlockController.h; sourceTree = "<group>"; };
		23FE6308185BBF1D0014E233 /* Flock.cpp */ = {isa = PBXFileReference; fileEncoding = 4; lastKnownFileType = sourcecode.cpp.cpp; path = Flock.cpp; sourceTree = "<group>"; };
		23FE6309185BBF1D0014E233 /* Flock.h */ = {isa = PBXFileReference; fileEncoding = 4; lastKnownFileType = sourcecode.c.h; path = Flock.h; sourceTree = "<group>"; };
		249E49B77B297BF45D302210 /* ofxOscReceiver.h */ = {isa = PBXFileReference; explicitFileType = sourcecode.c.h; fileEncoding = 30; name = ofxOscReceiver.h; path = ../../../../OFX/addons/ofxOsc/src/ofxOscReceiver.h; sourceTree = SOURCE_ROOT; };
		27B31C24FC92945FCE1FC02E /* ofxUIBaseDraws.h */ = {isa = PBXFileReference; explicitFileType = sourcecode.c.h; fileEncoding = 30; name = ofxUIBaseDraws.h; path = ../../../../OFX/addons/ofxUI/src/ofxUIBaseDraws.h; sourceTree = SOURCE_ROOT; };
		284DCB32184E558C0078D85A /* Particle.cpp */ = {isa = PBXFileReference; fileEncoding = 4; lastKnownFileType = sourcecode.cpp.cpp; path = Particle.cpp; sourceTree = "<group>"; };
		284DCB33184E558C0078D85A /* Particle.h */ = {isa = PBXFileReference; fileEncoding = 4; lastKnownFileType = sourcecode.c.h; path = Particle.h; sourceTree = "<group>"; };
		2863A8851856303500450AB1 /* ofxFluid.cpp */ = {isa = PBXFileReference; lastKnownFileType = sourcecode.cpp.cpp; path = ofxFluid.cpp; sourceTree = "<group>"; };
		2863A8861856303500450AB1 /* ofxFluid.h */ = {isa = PBXFileReference; lastKnownFileType = sourcecode.c.h; path = ofxFluid.h; sourceTree = "<group>"; };
		2869A813185AA6EF0026F959 /* ofxFluid.cpp */ = {isa = PBXFileReference; lastKnownFileType = sourcecode.cpp.cpp; path = ofxFluid.cpp; sourceTree = "<group>"; };
		2869A814185AA6EF0026F959 /* ofxFluid.h */ = {isa = PBXFileReference; lastKnownFileType = sourcecode.c.h; path = ofxFluid.h; sourceTree = "<group>"; };
		28DCEFB91855332600C197AA /* ofxBlend.h */ = {isa = PBXFileReference; lastKnownFileType = sourcecode.c.h; path = ofxBlend.h; sourceTree = "<group>"; };
		28DCEFBA1855332600C197AA /* ofxClone.h */ = {isa = PBXFileReference; lastKnownFileType = sourcecode.c.h; path = ofxClone.h; sourceTree = "<group>"; };
		28DCEFBB1855332600C197AA /* ofxMask.h */ = {isa = PBXFileReference; lastKnownFileType = sourcecode.c.h; path = ofxMask.h; sourceTree = "<group>"; };
		28DCEFBC1855332600C197AA /* ofxMultiTexture.h */ = {isa = PBXFileReference; lastKnownFileType = sourcecode.c.h; path = ofxMultiTexture.h; sourceTree = "<group>"; };
		28DCEFBE1855332600C197AA /* ofxBarrelChromaAb.h */ = {isa = PBXFileReference; lastKnownFileType = sourcecode.c.h; path = ofxBarrelChromaAb.h; sourceTree = "<group>"; };
		28DCEFBF1855332600C197AA /* ofxBloom.h */ = {isa = PBXFileReference; lastKnownFileType = sourcecode.c.h; path = ofxBloom.h; sourceTree = "<group>"; };
		28DCEFC01855332600C197AA /* ofxBlur.h */ = {isa = PBXFileReference; lastKnownFileType = sourcecode.c.h; path = ofxBlur.h; sourceTree = "<group>"; };
		28DCEFC11855332600C197AA /* ofxBokeh.h */ = {isa = PBXFileReference; lastKnownFileType = sourcecode.c.h; path = ofxBokeh.h; sourceTree = "<group>"; };
		28DCEFC21855332600C197AA /* ofxChromaAb.h */ = {isa = PBXFileReference; lastKnownFileType = sourcecode.c.h; path = ofxChromaAb.h; sourceTree = "<group>"; };
		28DCEFC31855332600C197AA /* ofxChromaGlitch.h */ = {isa = PBXFileReference; lastKnownFileType = sourcecode.c.h; path = ofxChromaGlitch.h; sourceTree = "<group>"; };
		28DCEFC41855332600C197AA /* ofxContrast.h */ = {isa = PBXFileReference; lastKnownFileType = sourcecode.c.h; path = ofxContrast.h; sourceTree = "<group>"; };
		28DCEFC51855332600C197AA /* ofxGaussianBlur.h */ = {isa = PBXFileReference; lastKnownFileType = sourcecode.c.h; path = ofxGaussianBlur.h; sourceTree = "<group>"; };
		28DCEFC61855332600C197AA /* ofxGlow.h */ = {isa = PBXFileReference; lastKnownFileType = sourcecode.c.h; path = ofxGlow.h; sourceTree = "<group>"; };
		28DCEFC71855332600C197AA /* ofxGrayscale.h */ = {isa = PBXFileReference; lastKnownFileType = sourcecode.c.h; path = ofxGrayscale.h; sourceTree = "<group>"; };
		28DCEFC81855332600C197AA /* ofxInverse.h */ = {isa = PBXFileReference; lastKnownFileType = sourcecode.c.h; path = ofxInverse.h; sourceTree = "<group>"; };
		28DCEFC91855332600C197AA /* ofxLUT.h */ = {isa = PBXFileReference; lastKnownFileType = sourcecode.c.h; path = ofxLUT.h; sourceTree = "<group>"; };
		28DCEFCA1855332600C197AA /* ofxMedian.h */ = {isa = PBXFileReference; lastKnownFileType = sourcecode.c.h; path = ofxMedian.h; sourceTree = "<group>"; };
		28DCEFCB1855332600C197AA /* ofxOldTv.h */ = {isa = PBXFileReference; lastKnownFileType = sourcecode.c.h; path = ofxOldTv.h; sourceTree = "<group>"; };
		28DCEFCD1855332600C197AA /* ofxFire.h */ = {isa = PBXFileReference; lastKnownFileType = sourcecode.c.h; path = ofxFire.h; sourceTree = "<group>"; };
		28DCEFCE1855332600C197AA /* ofxGrayScott.h */ = {isa = PBXFileReference; lastKnownFileType = sourcecode.c.h; path = ofxGrayScott.h; sourceTree = "<group>"; };
		28DCEFCF1855332600C197AA /* ofxNoise.h */ = {isa = PBXFileReference; lastKnownFileType = sourcecode.c.h; path = ofxNoise.h; sourceTree = "<group>"; };
		28DCEFD01855332600C197AA /* ofxTint.h */ = {isa = PBXFileReference; lastKnownFileType = sourcecode.c.h; path = ofxTint.h; sourceTree = "<group>"; };
		28DCEFD11855332600C197AA /* ofxFX.h */ = {isa = PBXFileReference; lastKnownFileType = sourcecode.c.h; path = ofxFX.h; sourceTree = "<group>"; };
		28DCEFD21855332600C197AA /* ofxFXObject.cpp */ = {isa = PBXFileReference; lastKnownFileType = sourcecode.cpp.cpp; path = ofxFXObject.cpp; sourceTree = "<group>"; };
		28DCEFD31855332600C197AA /* ofxFXObject.h */ = {isa = PBXFileReference; lastKnownFileType = sourcecode.c.h; path = ofxFXObject.h; sourceTree = "<group>"; };
		28DCEFD41855332600C197AA /* ofxSwapBuffer.h */ = {isa = PBXFileReference; lastKnownFileType = sourcecode.c.h; path = ofxSwapBuffer.h; sourceTree = "<group>"; };
		28DCEFD61855332600C197AA /* ofxAbsDiff.h */ = {isa = PBXFileReference; lastKnownFileType = sourcecode.c.h; path = ofxAbsDiff.h; sourceTree = "<group>"; };
		28DCEFD71855332600C197AA /* ofxBounce.h */ = {isa = PBXFileReference; lastKnownFileType = sourcecode.c.h; path = ofxBounce.h; sourceTree = "<group>"; };
		28DCEFD81855332600C197AA /* ofxDisplacePixels.h */ = {isa = PBXFileReference; lastKnownFileType = sourcecode.c.h; path = ofxDisplacePixels.h; sourceTree = "<group>"; };
		28DCEFD91855332600C197AA /* ofxNormals.h */ = {isa = PBXFileReference; lastKnownFileType = sourcecode.c.h; path = ofxNormals.h; sourceTree = "<group>"; };
		28DCEFDA1855332600C197AA /* ofxRipples.h */ = {isa = PBXFileReference; lastKnownFileType = sourcecode.c.h; path = ofxRipples.h; sourceTree = "<group>"; };
		28DCEFDB1855332600C197AA /* ofxSubstract.h */ = {isa = PBXFileReference; lastKnownFileType = sourcecode.c.h; path = ofxSubstract.h; sourceTree = "<group>"; };
		28DCEFDC1855332600C197AA /* ofxThreshold.h */ = {isa = PBXFileReference; lastKnownFileType = sourcecode.c.h; path = ofxThreshold.h; sourceTree = "<group>"; };
		38E5256719C581FFC74DBAA6 /* OscTypes.h */ = {isa = PBXFileReference; explicitFileType = sourcecode.c.h; fileEncoding = 30; name = OscTypes.h; path = ../../../../OFX/addons/ofxOsc/libs/oscpack/src/osc/OscTypes.h; sourceTree = SOURCE_ROOT; };
		3954D23A47FA5A2C3381A41D /* OscOutboundPacketStream.h */ = {isa = PBXFileReference; explicitFileType = sourcecode.c.h; fileEncoding = 30; name = OscOutboundPacketStream.h; path = ../../../../OFX/addons/ofxOsc/libs/oscpack/src/osc/OscOutboundPacketStream.h; sourceTree = SOURCE_ROOT; };
		3BAC40DFD9F8344671A74567 /* ofxUIImageSlider.h */ = {isa = PBXFileReference; explicitFileType = sourcecode.c.h; fileEncoding = 30; name = ofxUIImageSlider.h; path = ../../../../OFX/addons/ofxUI/src/ofxUIImageSlider.h; sourceTree = SOURCE_ROOT; };
		3D6E9EA8F528409FF52975A9 /* ofxUISpacer.h */ = {isa = PBXFileReference; explicitFileType = sourcecode.c.h; fileEncoding = 30; name = ofxUISpacer.h; path = ../../../../OFX/addons/ofxUI/src/ofxUISpacer.h; sourceTree = SOURCE_ROOT; };
		3E777C48F3A2591AAEEB26E4 /* ofxUIImageToggle.h */ = {isa = PBXFileReference; explicitFileType = sourcecode.c.h; fileEncoding = 30; name = ofxUIImageToggle.h; path = ../../../../OFX/addons/ofxUI/src/ofxUIImageToggle.h; sourceTree = SOURCE_ROOT; };
		3F8CD8479049DC2F007776C9 /* ofxUIMovingGraph.h */ = {isa = PBXFileReference; explicitFileType = sourcecode.c.h; fileEncoding = 30; name = ofxUIMovingGraph.h; path = ../../../../OFX/addons/ofxUI/src/ofxUIMovingGraph.h; sourceTree = SOURCE_ROOT; };
		3FFA4651338978062E486118 /* ofxUIToggleMatrix.h */ = {isa = PBXFileReference; explicitFileType = sourcecode.c.h; fileEncoding = 30; name = ofxUIToggleMatrix.h; path = ../../../../OFX/addons/ofxUI/src/ofxUIToggleMatrix.h; sourceTree = SOURCE_ROOT; };
		4149F5F305CA9D68B0E645D2 /* ofxUIValuePlotter.h */ = {isa = PBXFileReference; explicitFileType = sourcecode.c.h; fileEncoding = 30; name = ofxUIValuePlotter.h; path = ../../../../OFX/addons/ofxUI/src/ofxUIValuePlotter.h; sourceTree = SOURCE_ROOT; };
		429770B56CFC22F3606969B9 /* ofxUICustomImageButton.h */ = {isa = PBXFileReference; explicitFileType = sourcecode.c.h; fileEncoding = 30; name = ofxUICustomImageButton.h; path = ../../../../OFX/addons/ofxUI/src/ofxUICustomImageButton.h; sourceTree = SOURCE_ROOT; };
		461C3F9D2443E0EFD0C231B9 /* ofxUICircleSlider.h */ = {isa = PBXFileReference; explicitFileType = sourcecode.c.h; fileEncoding = 30; name = ofxUICircleSlider.h; path = ../../../../OFX/addons/ofxUI/src/ofxUICircleSlider.h; sourceTree = SOURCE_ROOT; };
		4AF226ABA6D871030D930059 /* UdpSocket.cpp */ = {isa = PBXFileReference; explicitFileType = sourcecode.cpp.cpp; fileEncoding = 30; name = UdpSocket.cpp; path = ../../../../OFX/addons/ofxOsc/libs/oscpack/src/ip/posix/UdpSocket.cpp; sourceTree = SOURCE_ROOT; };
		4C0AA2577F179D9DF0440DDC /* ofxUITextInput.h */ = {isa = PBXFileReference; explicitFileType = sourcecode.c.h; fileEncoding = 30; name = ofxUITextInput.h; path = ../../../../OFX/addons/ofxUI/src/ofxUITextInput.h; sourceTree = SOURCE_ROOT; };
		4DB5BF54599B427850A242DE /* ofxUIOFWrapper.h */ = {isa = PBXFileReference; explicitFileType = sourcecode.c.h; fileEncoding = 30; name = ofxUIOFWrapper.h; path = ../../../../OFX/addons/ofxUI/src/ofxUIOFWrapper.h; sourceTree = SOURCE_ROOT; };
		4F98B9DC25DEED675C64FF13 /* ofxUISlider.h */ = {isa = PBXFileReference; explicitFileType = sourcecode.c.h; fileEncoding = 30; name = ofxUISlider.h; path = ../../../../OFX/addons/ofxUI/src/ofxUISlider.h; sourceTree = SOURCE_ROOT; };
		528F857CFC6E062BAF2D4E45 /* ofxUILabelButton.h */ = {isa = PBXFileReference; explicitFileType = sourcecode.c.h; fileEncoding = 30; name = ofxUILabelButton.h; path = ../../../../OFX/addons/ofxUI/src/ofxUILabelButton.h; sourceTree = SOURCE_ROOT; };
		573825590D50907C1A8C897D /* ofxUIMultiImageToggle.h */ = {isa = PBXFileReference; explicitFileType = sourcecode.c.h; fileEncoding = 30; name = ofxUIMultiImageToggle.h; path = ../../../../OFX/addons/ofxUI/src/ofxUIMultiImageToggle.h; sourceTree = SOURCE_ROOT; };
		5C89C1A4E6CA1A65D76468AA /* OscPrintReceivedElements.h */ = {isa = PBXFileReference; explicitFileType = sourcecode.c.h; fileEncoding = 30; name = OscPrintReceivedElements.h; path = ../../../../OFX/addons/ofxOsc/libs/oscpack/src/osc/OscPrintReceivedElements.h; sourceTree = SOURCE_ROOT; };
		5D435269890829471AEF4F98 /* ofxUIBiLabelSlider.h */ = {isa = PBXFileReference; explicitFileType = sourcecode.c.h; fileEncoding = 30; name = ofxUIBiLabelSlider.h; path = ../../../../OFX/addons/ofxUI/src/ofxUIBiLabelSlider.h; sourceTree = SOURCE_ROOT; };
		5EC9622A29B685361B92722D /* ofxUIWidget.h */ = {isa = PBXFileReference; explicitFileType = sourcecode.c.h; fileEncoding = 30; name = ofxUIWidget.h; path = ../../../../OFX/addons/ofxUI/src/ofxUIWidget.h; sourceTree = SOURCE_ROOT; };
		614A82E58ABD491525666918 /* ofxUIRangeSlider.h */ = {isa = PBXFileReference; explicitFileType = sourcecode.c.h; fileEncoding = 30; name = ofxUIRangeSlider.h; path = ../../../../OFX/addons/ofxUI/src/ofxUIRangeSlider.h; sourceTree = SOURCE_ROOT; };
		6184F71698F1C54B3CE2CB50 /* ofxUIRectangle.h */ = {isa = PBXFileReference; explicitFileType = sourcecode.c.h; fileEncoding = 30; name = ofxUIRectangle.h; path = ../../../../OFX/addons/ofxUI/src/ofxUIRectangle.h; sourceTree = SOURCE_ROOT; };
		65CC4D634E21EE7E439CBCC8 /* ofxUIMultiImageButton.h */ = {isa = PBXFileReference; explicitFileType = sourcecode.c.h; fileEncoding = 30; name = ofxUIMultiImageButton.h; path = ../../../../OFX/addons/ofxUI/src/ofxUIMultiImageButton.h; sourceTree = SOURCE_ROOT; };
		65DBCFC617123684C2488774 /* ofxUI2DGraph.h */ = {isa = PBXFileReference; explicitFileType = sourcecode.c.h; fileEncoding = 30; name = ofxUI2DGraph.h; path = ../../../../OFX/addons/ofxUI/src/ofxUI2DGraph.h; sourceTree = SOURCE_ROOT; };
		662DAB2FE8693D32DAC8926E /* ofxOscArg.h */ = {isa = PBXFileReference; explicitFileType = sourcecode.c.h; fileEncoding = 30; name = ofxOscArg.h; path = ../../../../OFX/addons/ofxOsc/src/ofxOscArg.h; sourceTree = SOURCE_ROOT; };
		718FBA585EE7BF1B2C4763E7 /* OscReceivedElements.h */ = {isa = PBXFileReference; explicitFileType = sourcecode.c.h; fileEncoding = 30; name = OscReceivedElements.h; path = ../../../../OFX/addons/ofxOsc/libs/oscpack/src/osc/OscReceivedElements.h; sourceTree = SOURCE_ROOT; };
		72100AD2BEA6F9743F6EB84E /* NetworkingUtilsWin.cpp */ = {isa = PBXFileReference; explicitFileType = sourcecode.cpp.cpp; fileEncoding = 30; name = NetworkingUtilsWin.cpp; path = ../../../../OFX/addons/ofxOsc/libs/oscpack/src/ip/win32/NetworkingUtilsWin.cpp; sourceTree = SOURCE_ROOT; };
		729B762B788F34D4D150C864 /* OscTypes.cpp */ = {isa = PBXFileReference; explicitFileType = sourcecode.cpp.cpp; fileEncoding = 30; name = OscTypes.cpp; path = ../../../../OFX/addons/ofxOsc/libs/oscpack/src/osc/OscTypes.cpp; sourceTree = SOURCE_ROOT; };
		73C98ABD9344C9F2679E2EBD /* OscHostEndianness.h */ = {isa = PBXFileReference; explicitFileType = sourcecode.c.h; fileEncoding = 30; name = OscHostEndianness.h; path = ../../../../OFX/addons/ofxOsc/libs/oscpack/src/osc/OscHostEndianness.h; sourceTree = SOURCE_ROOT; };
		74B15920AF1DE197E3B5D66D /* OscOutboundPacketStream.cpp */ = {isa = PBXFileReference; explicitFileType = sourcecode.cpp.cpp; fileEncoding = 30; name = OscOutboundPacketStream.cpp; path = ../../../../OFX/addons/ofxOsc/libs/oscpack/src/osc/OscOutboundPacketStream.cpp; sourceTree = SOURCE_ROOT; };
		790C8C448439BED385DA3FAD /* ofxUIIntSlider.h */ = {isa = PBXFileReference; explicitFileType = sourcecode.c.h; fileEncoding = 30; name = ofxUIIntSlider.h; path = ../../../../OFX/addons/ofxUI/src/ofxUIIntSlider.h; sourceTree = SOURCE_ROOT; };
		7A0CD20B02B572AC866858FC /* OscPrintReceivedElements.cpp */ = {isa = PBXFileReference; explicitFileType = sourcecode.cpp.cpp; fileEncoding = 30; name = OscPrintReceivedElements.cpp; path = ../../../../OFX/addons/ofxOsc/libs/oscpack/src/osc/OscPrintReceivedElements.cpp; sourceTree = SOURCE_ROOT; };
		7D8357EEB1F219DA8DF75A9F /* ofxUILabel.h */ = {isa = PBXFileReference; explicitFileType = sourcecode.c.h; fileEncoding = 30; name = ofxUILabel.h; path = ../../../../OFX/addons/ofxUI/src/ofxUILabel.h; sourceTree = SOURCE_ROOT; };
		80ED64E1D7282F21013A14EF /* PacketListener.h */ = {isa = PBXFileReference; explicitFileType = sourcecode.c.h; fileEncoding = 30; name = PacketListener.h; path = ../../../../OFX/addons/ofxOsc/libs/oscpack/src/ip/PacketListener.h; sourceTree = SOURCE_ROOT; };
		8561222CEC87DC25C50F138B /* ofxUIScrollableCanvas.h */ = {isa = PBXFileReference; explicitFileType = sourcecode.c.h; fileEncoding = 30; name = ofxUIScrollableCanvas.h; path = ../../../../OFX/addons/ofxUI/src/ofxUIScrollableCanvas.h; sourceTree = SOURCE_ROOT; };
		8AFD7857B3FE8266C55254AA /* ofxOscReceiver.cpp */ = {isa = PBXFileReference; explicitFileType = sourcecode.cpp.cpp; fileEncoding = 30; name = ofxOscReceiver.cpp; path = ../../../../OFX/addons/ofxOsc/src/ofxOscReceiver.cpp; sourceTree = SOURCE_ROOT; };
		8D770179B961EECDDE165A70 /* ofxUIEventArgs.h */ = {isa = PBXFileReference; explicitFileType = sourcecode.c.h; fileEncoding = 30; name = ofxUIEventArgs.h; path = ../../../../OFX/addons/ofxUI/src/ofxUIEventArgs.h; sourceTree = SOURCE_ROOT; };
		8E19D4584E3203B913541137 /* ofxUITabBar.h */ = {isa = PBXFileReference; explicitFileType = sourcecode.c.h; fileEncoding = 30; name = ofxUITabBar.h; path = ../../../../OFX/addons/ofxUI/src/ofxUITabBar.h; sourceTree = SOURCE_ROOT; };
		8E237EB440246E2BC4271861 /* IpEndpointName.h */ = {isa = PBXFileReference; explicitFileType = sourcecode.c.h; fileEncoding = 30; name = IpEndpointName.h; path = ../../../../OFX/addons/ofxOsc/libs/oscpack/src/ip/IpEndpointName.h; sourceTree = SOURCE_ROOT; };
		98ED271E9AA1D1E196899138 /* ofxUIUtils.h */ = {isa = PBXFileReference; explicitFileType = sourcecode.c.h; fileEncoding = 30; name = ofxUIUtils.h; path = ../../../../OFX/addons/ofxUI/src/ofxUIUtils.h; sourceTree = SOURCE_ROOT; };
		A23A31533CEC7CAE43C84388 /* ofxOsc.h */ = {isa = PBXFileReference; explicitFileType = sourcecode.c.h; fileEncoding = 30; name = ofxOsc.h; path = ../../../../OFX/addons/ofxOsc/src/ofxOsc.h; sourceTree = SOURCE_ROOT; };
		A356E3D89FDB3D63CE09365C /* ofxUI.h */ = {isa = PBXFileReference; explicitFileType = sourcecode.c.h; fileEncoding = 30; name = ofxUI.h; path = ../../../../OFX/addons/ofxUI/src/ofxUI.h; sourceTree = SOURCE_ROOT; };
		A5EACB61A1AFFC0DB29C6CE3 /* ofxOscParameterSync.h */ = {isa = PBXFileReference; explicitFileType = sourcecode.c.h; fileEncoding = 30; name = ofxOscParameterSync.h; path = ../../../../OFX/addons/ofxOsc/src/ofxOscParameterSync.h; sourceTree = SOURCE_ROOT; };
		A91760EEA556169162562535 /* ofxOscParameterSync.cpp */ = {isa = PBXFileReference; explicitFileType = sourcecode.cpp.cpp; fileEncoding = 30; name = ofxOscParameterSync.cpp; path = ../../../../OFX/addons/ofxOsc/src/ofxOscParameterSync.cpp; sourceTree = SOURCE_ROOT; };
		ACFF0289433368CB4156659B /* IpEndpointName.cpp */ = {isa = PBXFileReference; explicitFileType = sourcecode.cpp.cpp; fileEncoding = 30; name = IpEndpointName.cpp; path = ../../../../OFX/addons/ofxOsc/libs/oscpack/src/ip/IpEndpointName.cpp; sourceTree = SOURCE_ROOT; };
		B31092C29605A634CDFC728C /* ofxUIRotarySlider.h */ = {isa = PBXFileReference; explicitFileType = sourcecode.c.h; fileEncoding = 30; name = ofxUIRotarySlider.h; path = ../../../../OFX/addons/ofxUI/src/ofxUIRotarySlider.h; sourceTree = SOURCE_ROOT; };
		B319FF276B719BDFED53848F /* ofxUISpectrum.h */ = {isa = PBXFileReference; explicitFileType = sourcecode.c.h; fileEncoding = 30; name = ofxUISpectrum.h; path = ../../../../OFX/addons/ofxUI/src/ofxUISpectrum.h; sourceTree = SOURCE_ROOT; };
		B47D78D1FDBBEEC6690822FF /* ofxUIImageButton.h */ = {isa = PBXFileReference; explicitFileType = sourcecode.c.h; fileEncoding = 30; name = ofxUIImageButton.h; path = ../../../../OFX/addons/ofxUI/src/ofxUIImageButton.h; sourceTree = SOURCE_ROOT; };
		B821300E9B930E3418EF6EB0 /* ofxOscBundle.h */ = {isa = PBXFileReference; explicitFileType = sourcecode.c.h; fileEncoding = 30; name = ofxOscBundle.h; path = ../../../../OFX/addons/ofxOsc/src/ofxOscBundle.h; sourceTree = SOURCE_ROOT; };
		B8AD2B30EDE942BFFB23BA42 /* ofxUIDropDownList.h */ = {isa = PBXFileReference; explicitFileType = sourcecode.c.h; fileEncoding = 30; name = ofxUIDropDownList.h; path = ../../../../OFX/addons/ofxUI/src/ofxUIDropDownList.h; sourceTree = SOURCE_ROOT; };
		BBAB23BE13894E4700AA2426 /* GLUT.framework */ = {isa = PBXFileReference; lastKnownFileType = wrapper.framework; name = GLUT.framework; path = ../../../../OFX/libs/glut/lib/osx/GLUT.framework; sourceTree = "<group>"; };
		BCB1DFAAEC696E61393F147D /* ofxOscSender.h */ = {isa = PBXFileReference; explicitFileType = sourcecode.c.h; fileEncoding = 30; name = ofxOscSender.h; path = ../../../../OFX/addons/ofxOsc/src/ofxOscSender.h; sourceTree = SOURCE_ROOT; };
		C33A94315B32F4C6638532C2 /* ofxUILabelToggle.h */ = {isa = PBXFileReference; explicitFileType = sourcecode.c.h; fileEncoding = 30; name = ofxUILabelToggle.h; path = ../../../../OFX/addons/ofxUI/src/ofxUILabelToggle.h; sourceTree = SOURCE_ROOT; };
		C7D9D2296DCF26A4DDF79F46 /* ofxUITextArea.h */ = {isa = PBXFileReference; explicitFileType = sourcecode.c.h; fileEncoding = 30; name = ofxUITextArea.h; path = ../../../../OFX/addons/ofxUI/src/ofxUITextArea.h; sourceTree = SOURCE_ROOT; };
		C9E6CDE82D36643BE7827CAF /* OscReceivedElements.cpp */ = {isa = PBXFileReference; explicitFileType = sourcecode.cpp.cpp; fileEncoding = 30; name = OscReceivedElements.cpp; path = ../../../../OFX/addons/ofxOsc/libs/oscpack/src/osc/OscReceivedElements.cpp; sourceTree = SOURCE_ROOT; };
		CE98B76EB0984776D8E02D46 /* ofxUIWidgetWithLabel.h */ = {isa = PBXFileReference; explicitFileType = sourcecode.c.h; fileEncoding = 30; name = ofxUIWidgetWithLabel.h; path = ../../../../OFX/addons/ofxUI/src/ofxUIWidgetWithLabel.h; sourceTree = SOURCE_ROOT; };
		D10383ADE3D79EDFD4B4EB5E /* ofxUIMultiImageSlider.h */ = {isa = PBXFileReference; explicitFileType = sourcecode.c.h; fileEncoding = 30; name = ofxUIMultiImageSlider.h; path = ../../../../OFX/addons/ofxUI/src/ofxUIMultiImageSlider.h; sourceTree = SOURCE_ROOT; };
		D1203C9696B2B1C85580CEAE /* ofxUIFPS.h */ = {isa = PBXFileReference; explicitFileType = sourcecode.c.h; fileEncoding = 30; name = ofxUIFPS.h; path = ../../../../OFX/addons/ofxUI/src/ofxUIFPS.h; sourceTree = SOURCE_ROOT; };
		D3D67F2E2BD977860D85D505 /* ofxOscMessage.h */ = {isa = PBXFileReference; explicitFileType = sourcecode.c.h; fileEncoding = 30; name = ofxOscMessage.h; path = ../../../../OFX/addons/ofxOsc/src/ofxOscMessage.h; sourceTree = SOURCE_ROOT; };
		D4DFCE10B3B1C0255A33CE56 /* ofxOscBundle.cpp */ = {isa = PBXFileReference; explicitFileType = sourcecode.cpp.cpp; fileEncoding = 30; name = ofxOscBundle.cpp; path = ../../../../OFX/addons/ofxOsc/src/ofxOscBundle.cpp; sourceTree = SOURCE_ROOT; };
		DFBD22045563A89B6E767A9E /* ofxUIToggle.h */ = {isa = PBXFileReference; explicitFileType = sourcecode.c.h; fileEncoding = 30; name = ofxUIToggle.h; path = ../../../../OFX/addons/ofxUI/src/ofxUIToggle.h; sourceTree = SOURCE_ROOT; };
		E0D320E17CEAB6CE51322D81 /* ofxUICanvas.h */ = {isa = PBXFileReference; explicitFileType = sourcecode.c.h; fileEncoding = 30; name = ofxUICanvas.h; path = ../../../../OFX/addons/ofxUI/src/ofxUICanvas.h; sourceTree = SOURCE_ROOT; };
		E2060AB14F0EB58E57FDF4B9 /* NetworkingUtils.h */ = {isa = PBXFileReference; explicitFileType = sourcecode.c.h; fileEncoding = 30; name = NetworkingUtils.h; path = ../../../../OFX/addons/ofxOsc/libs/oscpack/src/ip/NetworkingUtils.h; sourceTree = SOURCE_ROOT; };
		E3C9C68F5D8616DA86D19E7B /* NetworkingUtils.cpp */ = {isa = PBXFileReference; explicitFileType = sourcecode.cpp.cpp; fileEncoding = 30; name = NetworkingUtils.cpp; path = ../../../../OFX/addons/ofxOsc/libs/oscpack/src/ip/posix/NetworkingUtils.cpp; sourceTree = SOURCE_ROOT; };
		E4328143138ABC890047C5CB /* openFrameworksLib.xcodeproj */ = {isa = PBXFileReference; lastKnownFileType = "wrapper.pb-project"; name = openFrameworksLib.xcodeproj; path = ../../../../OFX/libs/openFrameworksCompiled/project/osx/openFrameworksLib.xcodeproj; sourceTree = SOURCE_ROOT; };
		E45BE9710E8CC7DD009D7055 /* AGL.framework */ = {isa = PBXFileReference; lastKnownFileType = wrapper.framework; name = AGL.framework; path = /System/Library/Frameworks/AGL.framework; sourceTree = "<absolute>"; };
		E45BE9720E8CC7DD009D7055 /* ApplicationServices.framework */ = {isa = PBXFileReference; lastKnownFileType = wrapper.framework; name = ApplicationServices.framework; path = /System/Library/Frameworks/ApplicationServices.framework; sourceTree = "<absolute>"; };
		E45BE9730E8CC7DD009D7055 /* AudioToolbox.framework */ = {isa = PBXFileReference; lastKnownFileType = wrapper.framework; name = AudioToolbox.framework; path = /System/Library/Frameworks/AudioToolbox.framework; sourceTree = "<absolute>"; };
		E45BE9740E8CC7DD009D7055 /* Carbon.framework */ = {isa = PBXFileReference; lastKnownFileType = wrapper.framework; name = Carbon.framework; path = /System/Library/Frameworks/Carbon.framework; sourceTree = "<absolute>"; };
		E45BE9750E8CC7DD009D7055 /* CoreAudio.framework */ = {isa = PBXFileReference; lastKnownFileType = wrapper.framework; name = CoreAudio.framework; path = /System/Library/Frameworks/CoreAudio.framework; sourceTree = "<absolute>"; };
		E45BE9760E8CC7DD009D7055 /* CoreFoundation.framework */ = {isa = PBXFileReference; lastKnownFileType = wrapper.framework; name = CoreFoundation.framework; path = /System/Library/Frameworks/CoreFoundation.framework; sourceTree = "<absolute>"; };
		E45BE9770E8CC7DD009D7055 /* CoreServices.framework */ = {isa = PBXFileReference; lastKnownFileType = wrapper.framework; name = CoreServices.framework; path = /System/Library/Frameworks/CoreServices.framework; sourceTree = "<absolute>"; };
		E45BE9790E8CC7DD009D7055 /* OpenGL.framework */ = {isa = PBXFileReference; lastKnownFileType = wrapper.framework; name = OpenGL.framework; path = /System/Library/Frameworks/OpenGL.framework; sourceTree = "<absolute>"; };
		E45BE97A0E8CC7DD009D7055 /* QuickTime.framework */ = {isa = PBXFileReference; lastKnownFileType = wrapper.framework; name = QuickTime.framework; path = /System/Library/Frameworks/QuickTime.framework; sourceTree = "<absolute>"; };
		E4B69B5B0A3A1756003C02F2 /* AlgoFinal2Debug.app */ = {isa = PBXFileReference; explicitFileType = wrapper.application; includeInIndex = 0; path = AlgoFinal2Debug.app; sourceTree = BUILT_PRODUCTS_DIR; };
		E4B69E1D0A3A1BDC003C02F2 /* main.cpp */ = {isa = PBXFileReference; fileEncoding = 30; lastKnownFileType = sourcecode.cpp.cpp; name = main.cpp; path = src/main.cpp; sourceTree = SOURCE_ROOT; };
		E4B69E1E0A3A1BDC003C02F2 /* testApp.cpp */ = {isa = PBXFileReference; explicitFileType = sourcecode.cpp.cpp; fileEncoding = 30; name = testApp.cpp; path = src/testApp.cpp; sourceTree = SOURCE_ROOT; };
		E4B69E1F0A3A1BDC003C02F2 /* testApp.h */ = {isa = PBXFileReference; fileEncoding = 30; lastKnownFileType = sourcecode.c.h; name = testApp.h; path = src/testApp.h; sourceTree = SOURCE_ROOT; };
		E4B6FCAD0C3E899E008CF71C /* openFrameworks-Info.plist */ = {isa = PBXFileReference; fileEncoding = 30; lastKnownFileType = text.plist.xml; path = "openFrameworks-Info.plist"; sourceTree = "<group>"; };
		E4C2424410CC5A17004149E2 /* AppKit.framework */ = {isa = PBXFileReference; lastKnownFileType = wrapper.framework; name = AppKit.framework; path = /System/Library/Frameworks/AppKit.framework; sourceTree = "<absolute>"; };
		E4C2424510CC5A17004149E2 /* Cocoa.framework */ = {isa = PBXFileReference; lastKnownFileType = wrapper.framework; name = Cocoa.framework; path = /System/Library/Frameworks/Cocoa.framework; sourceTree = "<absolute>"; };
		E4C2424610CC5A17004149E2 /* IOKit.framework */ = {isa = PBXFileReference; lastKnownFileType = wrapper.framework; name = IOKit.framework; path = /System/Library/Frameworks/IOKit.framework; sourceTree = "<absolute>"; };
		E4EB691F138AFCF100A09F29 /* CoreOF.xcconfig */ = {isa = PBXFileReference; fileEncoding = 4; lastKnownFileType = text.xcconfig; name = CoreOF.xcconfig; path = ../../../../OFX/libs/openFrameworksCompiled/project/osx/CoreOF.xcconfig; sourceTree = SOURCE_ROOT; };
		E4EB6923138AFD0F00A09F29 /* Project.xcconfig */ = {isa = PBXFileReference; fileEncoding = 4; lastKnownFileType = text.xcconfig; path = Project.xcconfig; sourceTree = "<group>"; };
		E754CE682540C5D36EEBBC71 /* ofxUIFPSSlider.h */ = {isa = PBXFileReference; explicitFileType = sourcecode.c.h; fileEncoding = 30; name = ofxUIFPSSlider.h; path = ../../../../OFX/addons/ofxUI/src/ofxUIFPSSlider.h; sourceTree = SOURCE_ROOT; };
		E7E077E415D3B63C0020DFD4 /* CoreVideo.framework */ = {isa = PBXFileReference; lastKnownFileType = wrapper.framework; name = CoreVideo.framework; path = /System/Library/Frameworks/CoreVideo.framework; sourceTree = "<absolute>"; };
		E7E077E715D3B6510020DFD4 /* QTKit.framework */ = {isa = PBXFileReference; lastKnownFileType = wrapper.framework; name = QTKit.framework; path = /System/Library/Frameworks/QTKit.framework; sourceTree = "<absolute>"; };
		E7F985F515E0DE99003869B5 /* Accelerate.framework */ = {isa = PBXFileReference; lastKnownFileType = wrapper.framework; name = Accelerate.framework; path = /System/Library/Frameworks/Accelerate.framework; sourceTree = "<absolute>"; };
		E835D0A28724A4A45D853D60 /* MessageMappingOscPacketListener.h */ = {isa = PBXFileReference; explicitFileType = sourcecode.c.h; fileEncoding = 30; name = MessageMappingOscPacketListener.h; path = ../../../../OFX/addons/ofxOsc/libs/oscpack/src/osc/MessageMappingOscPacketListener.h; sourceTree = SOURCE_ROOT; };
		F514855CE1523DF297E1858C /* ofxUIMinimalSlider.h */ = {isa = PBXFileReference; explicitFileType = sourcecode.c.h; fileEncoding = 30; name = ofxUIMinimalSlider.h; path = ../../../../OFX/addons/ofxUI/src/ofxUIMinimalSlider.h; sourceTree = SOURCE_ROOT; };
		F716D290A25EFBB89544EDF8 /* ofxUISuperCanvas.h */ = {isa = PBXFileReference; explicitFileType = sourcecode.c.h; fileEncoding = 30; name = ofxUISuperCanvas.h; path = ../../../../OFX/addons/ofxUI/src/ofxUISuperCanvas.h; sourceTree = SOURCE_ROOT; };
		FB6EDF5EDE462D7FB8EC7A01 /* TimerListener.h */ = {isa = PBXFileReference; explicitFileType = sourcecode.c.h; fileEncoding = 30; name = TimerListener.h; path = ../../../../OFX/addons/ofxOsc/libs/oscpack/src/ip/TimerListener.h; sourceTree = SOURCE_ROOT; };
		FF03A8C71D400BA26F7E3ADF /* ofxOscMessage.cpp */ = {isa = PBXFileReference; explicitFileType = sourcecode.cpp.cpp; fileEncoding = 30; name = ofxOscMessage.cpp; path = ../../../../OFX/addons/ofxOsc/src/ofxOscMessage.cpp; sourceTree = SOURCE_ROOT; };
		FFE3F769F3CD25B20C982744 /* ofxUI2DPad.h */ = {isa = PBXFileReference; explicitFileType = sourcecode.c.h; fileEncoding = 30; name = ofxUI2DPad.h; path = ../../../../OFX/addons/ofxUI/src/ofxUI2DPad.h; sourceTree = SOURCE_ROOT; };
/* End PBXFileReference section */

/* Begin PBXFrameworksBuildPhase section */
		E4B69B590A3A1756003C02F2 /* Frameworks */ = {
			isa = PBXFrameworksBuildPhase;
			buildActionMask = 2147483647;
			files = (
				E7F985F815E0DEA3003869B5 /* Accelerate.framework in Frameworks */,
				E7E077E815D3B6510020DFD4 /* QTKit.framework in Frameworks */,
				E4EB6799138ADC1D00A09F29 /* GLUT.framework in Frameworks */,
				E4328149138ABC9F0047C5CB /* openFrameworksDebug.a in Frameworks */,
				E45BE97B0E8CC7DD009D7055 /* AGL.framework in Frameworks */,
				E45BE97C0E8CC7DD009D7055 /* ApplicationServices.framework in Frameworks */,
				E45BE97D0E8CC7DD009D7055 /* AudioToolbox.framework in Frameworks */,
				E45BE97E0E8CC7DD009D7055 /* Carbon.framework in Frameworks */,
				E45BE97F0E8CC7DD009D7055 /* CoreAudio.framework in Frameworks */,
				E45BE9800E8CC7DD009D7055 /* CoreFoundation.framework in Frameworks */,
				E45BE9810E8CC7DD009D7055 /* CoreServices.framework in Frameworks */,
				E45BE9830E8CC7DD009D7055 /* OpenGL.framework in Frameworks */,
				E45BE9840E8CC7DD009D7055 /* QuickTime.framework in Frameworks */,
				E4C2424710CC5A17004149E2 /* AppKit.framework in Frameworks */,
				E4C2424810CC5A17004149E2 /* Cocoa.framework in Frameworks */,
				E4C2424910CC5A17004149E2 /* IOKit.framework in Frameworks */,
				E7E077E515D3B63C0020DFD4 /* CoreVideo.framework in Frameworks */,
			);
			runOnlyForDeploymentPostprocessing = 0;
		};
/* End PBXFrameworksBuildPhase section */

/* Begin PBXGroup section */
		23FE62D5185ADFA00014E233 /* ofxFft */ = {
			isa = PBXGroup;
			children = (
				23FE62D6185ADFA00014E233 /* src */,
				23FE62DF185ADFA00014E233 /* libs */,
			);
			name = ofxFft;
			sourceTree = "<group>";
		};
		23FE62D6185ADFA00014E233 /* src */ = {
			isa = PBXGroup;
			children = (
				23FE62D7185ADFA00014E233 /* ofxEasyFft.cpp */,
				23FE62D8185ADFA00014E233 /* ofxEasyFft.h */,
				23FE62D9185ADFA00014E233 /* ofxFft.cpp */,
				23FE62DA185ADFA00014E233 /* ofxFft.h */,
				23FE62DB185ADFA00014E233 /* ofxFftBasic.cpp */,
				23FE62DC185ADFA00014E233 /* ofxFftBasic.h */,
				23FE62DD185ADFA00014E233 /* ofxFftw.cpp */,
				23FE62DE185ADFA00014E233 /* ofxFftw.h */,
			);
			name = src;
			path = ../../../addons/ofxFft/src;
			sourceTree = "<group>";
		};
		23FE62DF185ADFA00014E233 /* libs */ = {
			isa = PBXGroup;
			children = (
				23FE62E0185ADFA00014E233 /* fftw */,
				23FE62E5185ADFA00014E233 /* kiss */,
			);
			name = libs;
			path = ../../../addons/ofxFft/libs;
			sourceTree = "<group>";
		};
		23FE62E0185ADFA00014E233 /* fftw */ = {
			isa = PBXGroup;
			children = (
				23FE62E1185ADFA00014E233 /* include */,
				23FE62E3185ADFA00014E233 /* lib */,
			);
			path = fftw;
			sourceTree = "<group>";
		};
		23FE62E1185ADFA00014E233 /* include */ = {
			isa = PBXGroup;
			children = (
				23FE62E2185ADFA00014E233 /* fftw3.h */,
			);
			path = include;
			sourceTree = "<group>";
		};
		23FE62E3185ADFA00014E233 /* lib */ = {
			isa = PBXGroup;
			children = (
				23FE62E4185ADFA00014E233 /* .gitignore */,
			);
			path = lib;
			sourceTree = "<group>";
		};
		23FE62E5185ADFA00014E233 /* kiss */ = {
			isa = PBXGroup;
			children = (
				23FE62E6185ADFA00014E233 /* _kiss_fft_guts.h */,
				23FE62E7185ADFA00014E233 /* kiss_fft.c */,
				23FE62E8185ADFA00014E233 /* kiss_fft.h */,
				23FE62E9185ADFA00014E233 /* kiss_fftr.c */,
				23FE62EA185ADFA00014E233 /* kiss_fftr.h */,
			);
			path = kiss;
			sourceTree = "<group>";
		};
		2863A8831856303500450AB1 /* ofxFluid */ = {
			isa = PBXGroup;
			children = (
				2863A8841856303500450AB1 /* src */,
			);
			name = ofxFluid;
			sourceTree = "<group>";
		};
		2863A8841856303500450AB1 /* src */ = {
			isa = PBXGroup;
			children = (
				2863A8851856303500450AB1 /* ofxFluid.cpp */,
				2863A8861856303500450AB1 /* ofxFluid.h */,
			);
			name = src;
			path = ../../../../OFX/addons/ofxFluid/src;
			sourceTree = "<group>";
		};
		2869A811185AA6EF0026F959 /* ofxFluid */ = {
			isa = PBXGroup;
			children = (
				2869A812185AA6EF0026F959 /* src */,
			);
			name = ofxFluid;
			sourceTree = "<group>";
		};
		2869A812185AA6EF0026F959 /* src */ = {
			isa = PBXGroup;
			children = (
				2869A813185AA6EF0026F959 /* ofxFluid.cpp */,
				2869A814185AA6EF0026F959 /* ofxFluid.h */,
			);
			name = src;
			path = ../../../../OFX/addons/ofxFluid/src;
			sourceTree = "<group>";
		};
		28DCEFB61855332600C197AA /* ofxFX */ = {
			isa = PBXGroup;
			children = (
				28DCEFB71855332600C197AA /* src */,
			);
			name = ofxFX;
			sourceTree = "<group>";
		};
		28DCEFB71855332600C197AA /* src */ = {
			isa = PBXGroup;
			children = (
				28DCEFB81855332600C197AA /* composers */,
				28DCEFBD1855332600C197AA /* filters */,
				28DCEFCC1855332600C197AA /* generative */,
				28DCEFD11855332600C197AA /* ofxFX.h */,
				28DCEFD21855332600C197AA /* ofxFXObject.cpp */,
				28DCEFD31855332600C197AA /* ofxFXObject.h */,
				28DCEFD41855332600C197AA /* ofxSwapBuffer.h */,
				28DCEFD51855332600C197AA /* operations */,
			);
			name = src;
			path = ../../../../OFX/addons/ofxFX/src;
			sourceTree = "<group>";
		};
		28DCEFB81855332600C197AA /* composers */ = {
			isa = PBXGroup;
			children = (
				28DCEFB91855332600C197AA /* ofxBlend.h */,
				28DCEFBA1855332600C197AA /* ofxClone.h */,
				28DCEFBB1855332600C197AA /* ofxMask.h */,
				28DCEFBC1855332600C197AA /* ofxMultiTexture.h */,
			);
			path = composers;
			sourceTree = "<group>";
		};
		28DCEFBD1855332600C197AA /* filters */ = {
			isa = PBXGroup;
			children = (
				28DCEFBE1855332600C197AA /* ofxBarrelChromaAb.h */,
				28DCEFBF1855332600C197AA /* ofxBloom.h */,
				28DCEFC01855332600C197AA /* ofxBlur.h */,
				28DCEFC11855332600C197AA /* ofxBokeh.h */,
				28DCEFC21855332600C197AA /* ofxChromaAb.h */,
				28DCEFC31855332600C197AA /* ofxChromaGlitch.h */,
				28DCEFC41855332600C197AA /* ofxContrast.h */,
				28DCEFC51855332600C197AA /* ofxGaussianBlur.h */,
				28DCEFC61855332600C197AA /* ofxGlow.h */,
				28DCEFC71855332600C197AA /* ofxGrayscale.h */,
				28DCEFC81855332600C197AA /* ofxInverse.h */,
				28DCEFC91855332600C197AA /* ofxLUT.h */,
				28DCEFCA1855332600C197AA /* ofxMedian.h */,
				28DCEFCB1855332600C197AA /* ofxOldTv.h */,
			);
			path = filters;
			sourceTree = "<group>";
		};
		28DCEFCC1855332600C197AA /* generative */ = {
			isa = PBXGroup;
			children = (
				28DCEFCD1855332600C197AA /* ofxFire.h */,
				28DCEFCE1855332600C197AA /* ofxGrayScott.h */,
				28DCEFCF1855332600C197AA /* ofxNoise.h */,
				28DCEFD01855332600C197AA /* ofxTint.h */,
			);
			path = generative;
			sourceTree = "<group>";
		};
		28DCEFD51855332600C197AA /* operations */ = {
			isa = PBXGroup;
			children = (
				28DCEFD61855332600C197AA /* ofxAbsDiff.h */,
				28DCEFD71855332600C197AA /* ofxBounce.h */,
				28DCEFD81855332600C197AA /* ofxDisplacePixels.h */,
				28DCEFD91855332600C197AA /* ofxNormals.h */,
				28DCEFDA1855332600C197AA /* ofxRipples.h */,
				28DCEFDB1855332600C197AA /* ofxSubstract.h */,
				28DCEFDC1855332600C197AA /* ofxThreshold.h */,
			);
			path = operations;
			sourceTree = "<group>";
		};
		30CB364908817057B430D528 /* osc */ = {
			isa = PBXGroup;
			children = (
				E835D0A28724A4A45D853D60 /* MessageMappingOscPacketListener.h */,
				01E3C98AA8675376EC5CFAE9 /* OscException.h */,
				73C98ABD9344C9F2679E2EBD /* OscHostEndianness.h */,
				74B15920AF1DE197E3B5D66D /* OscOutboundPacketStream.cpp */,
				3954D23A47FA5A2C3381A41D /* OscOutboundPacketStream.h */,
				166AA5D75965A45A2DFE8C9E /* OscPacketListener.h */,
				7A0CD20B02B572AC866858FC /* OscPrintReceivedElements.cpp */,
				5C89C1A4E6CA1A65D76468AA /* OscPrintReceivedElements.h */,
				C9E6CDE82D36643BE7827CAF /* OscReceivedElements.cpp */,
				718FBA585EE7BF1B2C4763E7 /* OscReceivedElements.h */,
				729B762B788F34D4D150C864 /* OscTypes.cpp */,
				38E5256719C581FFC74DBAA6 /* OscTypes.h */,
			);
			name = osc;
			sourceTree = "<group>";
		};
		38871A5825686AE018EC2BF0 /* libs */ = {
			isa = PBXGroup;
			children = (
				86D2677079A3AF4A5A88E29A /* oscpack */,
			);
			name = libs;
			sourceTree = "<group>";
		};
		641362CA659FAFEE4E81001B /* posix */ = {
			isa = PBXGroup;
			children = (
				E3C9C68F5D8616DA86D19E7B /* NetworkingUtils.cpp */,
				4AF226ABA6D871030D930059 /* UdpSocket.cpp */,
			);
			name = posix;
			sourceTree = "<group>";
		};
		86D2677079A3AF4A5A88E29A /* oscpack */ = {
			isa = PBXGroup;
			children = (
				D27B2221A225CA523C019676 /* src */,
			);
			name = oscpack;
			sourceTree = "<group>";
		};
		A492CE86424AB8905550BFD8 /* ofxUI */ = {
			isa = PBXGroup;
			children = (
				D60F85FE32E11F4003B80627 /* src */,
			);
			name = ofxUI;
			sourceTree = "<group>";
		};
		BA6760AC87647DD61A92BD41 /* win32 */ = {
			isa = PBXGroup;
			children = (
				72100AD2BEA6F9743F6EB84E /* NetworkingUtilsWin.cpp */,
				014B2CE864CA7B271DABB54D /* UdpSocketWin.cpp */,
			);
			name = win32;
			sourceTree = "<group>";
		};
		BB4B014C10F69532006C3DED /* addons */ = {
			isa = PBXGroup;
			children = (
				23FE62D5185ADFA00014E233 /* ofxFft */,
				2869A811185AA6EF0026F959 /* ofxFluid */,
				2863A8831856303500450AB1 /* ofxFluid */,
				28DCEFB61855332600C197AA /* ofxFX */,
				E6053AB7FEC63D5F83825B88 /* ofxOsc */,
				A492CE86424AB8905550BFD8 /* ofxUI */,
			);
			name = addons;
			sourceTree = "<group>";
		};
		BBAB23C913894ECA00AA2426 /* system frameworks */ = {
			isa = PBXGroup;
			children = (
				E7F985F515E0DE99003869B5 /* Accelerate.framework */,
				E4C2424410CC5A17004149E2 /* AppKit.framework */,
				E4C2424510CC5A17004149E2 /* Cocoa.framework */,
				E4C2424610CC5A17004149E2 /* IOKit.framework */,
				E45BE9710E8CC7DD009D7055 /* AGL.framework */,
				E45BE9720E8CC7DD009D7055 /* ApplicationServices.framework */,
				E45BE9730E8CC7DD009D7055 /* AudioToolbox.framework */,
				E45BE9740E8CC7DD009D7055 /* Carbon.framework */,
				E45BE9750E8CC7DD009D7055 /* CoreAudio.framework */,
				E45BE9760E8CC7DD009D7055 /* CoreFoundation.framework */,
				E45BE9770E8CC7DD009D7055 /* CoreServices.framework */,
				E45BE9790E8CC7DD009D7055 /* OpenGL.framework */,
				E45BE97A0E8CC7DD009D7055 /* QuickTime.framework */,
				E7E077E415D3B63C0020DFD4 /* CoreVideo.framework */,
				E7E077E715D3B6510020DFD4 /* QTKit.framework */,
			);
			name = "system frameworks";
			sourceTree = "<group>";
		};
		BBAB23CA13894EDB00AA2426 /* 3rd party frameworks */ = {
			isa = PBXGroup;
			children = (
				BBAB23BE13894E4700AA2426 /* GLUT.framework */,
			);
			name = "3rd party frameworks";
			sourceTree = "<group>";
		};
		BD2F1A9F8D0C05EDB29122D0 /* src */ = {
			isa = PBXGroup;
			children = (
				A23A31533CEC7CAE43C84388 /* ofxOsc.h */,
				662DAB2FE8693D32DAC8926E /* ofxOscArg.h */,
				D4DFCE10B3B1C0255A33CE56 /* ofxOscBundle.cpp */,
				B821300E9B930E3418EF6EB0 /* ofxOscBundle.h */,
				FF03A8C71D400BA26F7E3ADF /* ofxOscMessage.cpp */,
				D3D67F2E2BD977860D85D505 /* ofxOscMessage.h */,
				A91760EEA556169162562535 /* ofxOscParameterSync.cpp */,
				A5EACB61A1AFFC0DB29C6CE3 /* ofxOscParameterSync.h */,
				8AFD7857B3FE8266C55254AA /* ofxOscReceiver.cpp */,
				249E49B77B297BF45D302210 /* ofxOscReceiver.h */,
				0892932743FEE79A26328BAC /* ofxOscSender.cpp */,
				BCB1DFAAEC696E61393F147D /* ofxOscSender.h */,
			);
			name = src;
			sourceTree = "<group>";
		};
		D27B2221A225CA523C019676 /* src */ = {
			isa = PBXGroup;
			children = (
				FF8CDF57858E9B94E3237115 /* ip */,
				30CB364908817057B430D528 /* osc */,
			);
			name = src;
			sourceTree = "<group>";
		};
		D60F85FE32E11F4003B80627 /* src */ = {
			isa = PBXGroup;
			children = (
				A356E3D89FDB3D63CE09365C /* ofxUI.h */,
				65DBCFC617123684C2488774 /* ofxUI2DGraph.h */,
				FFE3F769F3CD25B20C982744 /* ofxUI2DPad.h */,
				27B31C24FC92945FCE1FC02E /* ofxUIBaseDraws.h */,
				5D435269890829471AEF4F98 /* ofxUIBiLabelSlider.h */,
				18CA8C7C1D7C2D9925617CC7 /* ofxUIButton.h */,
				E0D320E17CEAB6CE51322D81 /* ofxUICanvas.h */,
				461C3F9D2443E0EFD0C231B9 /* ofxUICircleSlider.h */,
				429770B56CFC22F3606969B9 /* ofxUICustomImageButton.h */,
				B8AD2B30EDE942BFFB23BA42 /* ofxUIDropDownList.h */,
				8D770179B961EECDDE165A70 /* ofxUIEventArgs.h */,
				D1203C9696B2B1C85580CEAE /* ofxUIFPS.h */,
				E754CE682540C5D36EEBBC71 /* ofxUIFPSSlider.h */,
				143AAAA99BDC05C915517C08 /* ofxUIImage.h */,
				B47D78D1FDBBEEC6690822FF /* ofxUIImageButton.h */,
				23E8ED65DC602C899431316C /* ofxUIImageSampler.h */,
				3BAC40DFD9F8344671A74567 /* ofxUIImageSlider.h */,
				3E777C48F3A2591AAEEB26E4 /* ofxUIImageToggle.h */,
				790C8C448439BED385DA3FAD /* ofxUIIntSlider.h */,
				7D8357EEB1F219DA8DF75A9F /* ofxUILabel.h */,
				528F857CFC6E062BAF2D4E45 /* ofxUILabelButton.h */,
				C33A94315B32F4C6638532C2 /* ofxUILabelToggle.h */,
				F514855CE1523DF297E1858C /* ofxUIMinimalSlider.h */,
				3F8CD8479049DC2F007776C9 /* ofxUIMovingGraph.h */,
				65CC4D634E21EE7E439CBCC8 /* ofxUIMultiImageButton.h */,
				D10383ADE3D79EDFD4B4EB5E /* ofxUIMultiImageSlider.h */,
				573825590D50907C1A8C897D /* ofxUIMultiImageToggle.h */,
				1F1BB3AB5BC4BCAB2E118B3C /* ofxUINumberDialer.h */,
				4DB5BF54599B427850A242DE /* ofxUIOFWrapper.h */,
				23B34D7DD87BAE3587D7BCB3 /* ofxUIRadio.h */,
				614A82E58ABD491525666918 /* ofxUIRangeSlider.h */,
				6184F71698F1C54B3CE2CB50 /* ofxUIRectangle.h */,
				B31092C29605A634CDFC728C /* ofxUIRotarySlider.h */,
				8561222CEC87DC25C50F138B /* ofxUIScrollableCanvas.h */,
				4F98B9DC25DEED675C64FF13 /* ofxUISlider.h */,
				3D6E9EA8F528409FF52975A9 /* ofxUISpacer.h */,
				B319FF276B719BDFED53848F /* ofxUISpectrum.h */,
				F716D290A25EFBB89544EDF8 /* ofxUISuperCanvas.h */,
				8E19D4584E3203B913541137 /* ofxUITabBar.h */,
				C7D9D2296DCF26A4DDF79F46 /* ofxUITextArea.h */,
				4C0AA2577F179D9DF0440DDC /* ofxUITextInput.h */,
				DFBD22045563A89B6E767A9E /* ofxUIToggle.h */,
				3FFA4651338978062E486118 /* ofxUIToggleMatrix.h */,
				98ED271E9AA1D1E196899138 /* ofxUIUtils.h */,
				4149F5F305CA9D68B0E645D2 /* ofxUIValuePlotter.h */,
				036918ACE01DC7E0DA03BC68 /* ofxUIWaveform.h */,
				5EC9622A29B685361B92722D /* ofxUIWidget.h */,
				CE98B76EB0984776D8E02D46 /* ofxUIWidgetWithLabel.h */,
			);
			name = src;
			sourceTree = "<group>";
		};
		E4328144138ABC890047C5CB /* Products */ = {
			isa = PBXGroup;
			children = (
				E4328148138ABC890047C5CB /* openFrameworksDebug.a */,
			);
			name = Products;
			sourceTree = "<group>";
		};
		E45BE5980E8CC70C009D7055 /* frameworks */ = {
			isa = PBXGroup;
			children = (
				BBAB23CA13894EDB00AA2426 /* 3rd party frameworks */,
				BBAB23C913894ECA00AA2426 /* system frameworks */,
			);
			name = frameworks;
			sourceTree = "<group>";
		};
		E4B69B4A0A3A1720003C02F2 = {
			isa = PBXGroup;
			children = (
				E4B6FCAD0C3E899E008CF71C /* openFrameworks-Info.plist */,
				E4EB6923138AFD0F00A09F29 /* Project.xcconfig */,
				E4B69E1C0A3A1BDC003C02F2 /* src */,
				E4EEC9E9138DF44700A80321 /* openFrameworks */,
				BB4B014C10F69532006C3DED /* addons */,
				E45BE5980E8CC70C009D7055 /* frameworks */,
				E4B69B5B0A3A1756003C02F2 /* AlgoFinal2Debug.app */,
			);
			sourceTree = "<group>";
		};
		E4B69E1C0A3A1BDC003C02F2 /* src */ = {
			isa = PBXGroup;
			children = (
				E4B69E1D0A3A1BDC003C02F2 /* main.cpp */,
				E4B69E1E0A3A1BDC003C02F2 /* testApp.cpp */,
				E4B69E1F0A3A1BDC003C02F2 /* testApp.h */,
				23FE62FB185B92A70014E233 /* Ripple.cpp */,
				23FE62FC185B92A70014E233 /* Ripple.h */,
				284DCB32184E558C0078D85A /* Particle.cpp */,
				284DCB33184E558C0078D85A /* Particle.h */,
				23FE62F2185AE1D90014E233 /* Sphere.cpp */,
				23FE62F3185AE1D90014E233 /* Sphere.h */,
				23FE62F5185AE1EF0014E233 /* FlowField.cpp */,
				23FE62F6185AE1EF0014E233 /* FlowField.h */,
				23FE6305185BBF0A0014E233 /* FlockController.cpp */,
				23FE6306185BBF0A0014E233 /* FlockController.h */,
				23FE6308185BBF1D0014E233 /* Flock.cpp */,
				23FE6309185BBF1D0014E233 /* Flock.h */,
			);
			path = src;
			sourceTree = SOURCE_ROOT;
		};
		E4EEC9E9138DF44700A80321 /* openFrameworks */ = {
			isa = PBXGroup;
			children = (
				E4EB691F138AFCF100A09F29 /* CoreOF.xcconfig */,
				E4328143138ABC890047C5CB /* openFrameworksLib.xcodeproj */,
			);
			name = openFrameworks;
			sourceTree = "<group>";
		};
		E6053AB7FEC63D5F83825B88 /* ofxOsc */ = {
			isa = PBXGroup;
			children = (
				BD2F1A9F8D0C05EDB29122D0 /* src */,
				38871A5825686AE018EC2BF0 /* libs */,
			);
			name = ofxOsc;
			sourceTree = "<group>";
		};
		FF8CDF57858E9B94E3237115 /* ip */ = {
			isa = PBXGroup;
			children = (
				ACFF0289433368CB4156659B /* IpEndpointName.cpp */,
				8E237EB440246E2BC4271861 /* IpEndpointName.h */,
				E2060AB14F0EB58E57FDF4B9 /* NetworkingUtils.h */,
				80ED64E1D7282F21013A14EF /* PacketListener.h */,
				641362CA659FAFEE4E81001B /* posix */,
				FB6EDF5EDE462D7FB8EC7A01 /* TimerListener.h */,
				04909F1966FE1D587F25AC04 /* UdpSocket.h */,
				BA6760AC87647DD61A92BD41 /* win32 */,
			);
			name = ip;
			sourceTree = "<group>";
		};
/* End PBXGroup section */

/* Begin PBXNativeTarget section */
		E4B69B5A0A3A1756003C02F2 /* AlgoFinal2 */ = {
			isa = PBXNativeTarget;
			buildConfigurationList = E4B69B5F0A3A1757003C02F2 /* Build configuration list for PBXNativeTarget "AlgoFinal2" */;
			buildPhases = (
				E4B69B580A3A1756003C02F2 /* Sources */,
				E4B69B590A3A1756003C02F2 /* Frameworks */,
				E4B6FFFD0C3F9AB9008CF71C /* ShellScript */,
				E4C2427710CC5ABF004149E2 /* CopyFiles */,
			);
			buildRules = (
			);
			dependencies = (
				E4EEB9AC138B136A00A80321 /* PBXTargetDependency */,
			);
			name = AlgoFinal2;
			productName = myOFApp;
			productReference = E4B69B5B0A3A1756003C02F2 /* AlgoFinal2Debug.app */;
			productType = "com.apple.product-type.application";
		};
/* End PBXNativeTarget section */

/* Begin PBXProject section */
		E4B69B4C0A3A1720003C02F2 /* Project object */ = {
			isa = PBXProject;
			attributes = {
				LastUpgradeCheck = 0460;
			};
			buildConfigurationList = E4B69B4D0A3A1720003C02F2 /* Build configuration list for PBXProject "AlgoFinal2" */;
			compatibilityVersion = "Xcode 3.2";
			developmentRegion = English;
			hasScannedForEncodings = 0;
			knownRegions = (
				English,
				Japanese,
				French,
				German,
			);
			mainGroup = E4B69B4A0A3A1720003C02F2;
			productRefGroup = E4B69B4A0A3A1720003C02F2;
			projectDirPath = "";
			projectReferences = (
				{
					ProductGroup = E4328144138ABC890047C5CB /* Products */;
					ProjectRef = E4328143138ABC890047C5CB /* openFrameworksLib.xcodeproj */;
				},
			);
			projectRoot = "";
			targets = (
				E4B69B5A0A3A1756003C02F2 /* AlgoFinal2 */,
			);
		};
/* End PBXProject section */

/* Begin PBXReferenceProxy section */
		E4328148138ABC890047C5CB /* openFrameworksDebug.a */ = {
			isa = PBXReferenceProxy;
			fileType = archive.ar;
			path = openFrameworksDebug.a;
			remoteRef = E4328147138ABC890047C5CB /* PBXContainerItemProxy */;
			sourceTree = BUILT_PRODUCTS_DIR;
		};
/* End PBXReferenceProxy section */

/* Begin PBXShellScriptBuildPhase section */
		E4B6FFFD0C3F9AB9008CF71C /* ShellScript */ = {
			isa = PBXShellScriptBuildPhase;
			buildActionMask = 2147483647;
			files = (
			);
			inputPaths = (
			);
			outputPaths = (
			);
			runOnlyForDeploymentPostprocessing = 0;
			shellPath = /bin/sh;
			shellScript = "cp -f ../../../../OFX/libs/fmodex/lib/osx/libfmodex.dylib \"$TARGET_BUILD_DIR/$PRODUCT_NAME.app/Contents/MacOS/libfmodex.dylib\"; install_name_tool -change ./libfmodex.dylib @executable_path/libfmodex.dylib \"$TARGET_BUILD_DIR/$PRODUCT_NAME.app/Contents/MacOS/$PRODUCT_NAME\";\nmkdir -p \"$TARGET_BUILD_DIR/$PRODUCT_NAME.app/Contents/Resources/\"\ncp -f \"$ICON_FILE\" \"$TARGET_BUILD_DIR/$PRODUCT_NAME.app/Contents/Resources/\"\n";
		};
/* End PBXShellScriptBuildPhase section */

/* Begin PBXSourcesBuildPhase section */
		E4B69B580A3A1756003C02F2 /* Sources */ = {
			isa = PBXSourcesBuildPhase;
			buildActionMask = 2147483647;
			files = (
				E4B69E200A3A1BDC003C02F2 /* main.cpp in Sources */,
				E4B69E210A3A1BDC003C02F2 /* testApp.cpp in Sources */,
				C4DD974EAB7A927790BA95FE /* ofxOscBundle.cpp in Sources */,
				C70D60C95D02ADEADB8ED536 /* ofxOscMessage.cpp in Sources */,
				2869A815185AA6EF0026F959 /* ofxFluid.cpp in Sources */,
				98D5C8BE6855DFB82389EF1B /* ofxOscParameterSync.cpp in Sources */,
				4EB82DDCDBCEB19DF1BBC830 /* ofxOscReceiver.cpp in Sources */,
				23FE6307185BBF0A0014E233 /* FlockController.cpp in Sources */,
				23FE62F0185ADFA00014E233 /* kiss_fftr.c in Sources */,
				23FE62EB185ADFA00014E233 /* ofxEasyFft.cpp in Sources */,
				28DCEFDD1855332600C197AA /* ofxFXObject.cpp in Sources */,
				23FE62F7185AE1EF0014E233 /* FlowField.cpp in Sources */,
				23FE62EE185ADFA00014E233 /* ofxFftw.cpp in Sources */,
				D993B8239A2AE0DB64C3BED6 /* ofxOscSender.cpp in Sources */,
				2DCE4DD48AAD90D68EA4B336 /* IpEndpointName.cpp in Sources */,
				A0B6C0F560911CB6C464CE57 /* NetworkingUtils.cpp in Sources */,
				BE2367FD2A232B44924FC542 /* UdpSocket.cpp in Sources */,
				23FE62FD185B92A70014E233 /* Ripple.cpp in Sources */,
				D052FBB15D29479BAC13888D /* NetworkingUtilsWin.cpp in Sources */,
				DA8404B21847FEC67EF3BBBA /* UdpSocketWin.cpp in Sources */,
				9A0593776804808C1614FFE0 /* OscOutboundPacketStream.cpp in Sources */,
				284DCB34184E558C0078D85A /* Particle.cpp in Sources */,
				23FE62F4185AE1D90014E233 /* Sphere.cpp in Sources */,
				2863A8871856303500450AB1 /* ofxFluid.cpp in Sources */,
				23FE62EF185ADFA00014E233 /* kiss_fft.c in Sources */,
				ED0180001E9AB956837298B8 /* OscPrintReceivedElements.cpp in Sources */,
				23FE62EC185ADFA00014E233 /* ofxFft.cpp in Sources */,
				77C2E94C075049D7F4187191 /* OscReceivedElements.cpp in Sources */,
				7794F5538C2D16D77DFB5227 /* OscTypes.cpp in Sources */,
				23FE62ED185ADFA00014E233 /* ofxFftBasic.cpp in Sources */,
				23FE630A185BBF1D0014E233 /* Flock.cpp in Sources */,
			);
			runOnlyForDeploymentPostprocessing = 0;
		};
/* End PBXSourcesBuildPhase section */

/* Begin PBXTargetDependency section */
		E4EEB9AC138B136A00A80321 /* PBXTargetDependency */ = {
			isa = PBXTargetDependency;
			name = openFrameworks;
			targetProxy = E4EEB9AB138B136A00A80321 /* PBXContainerItemProxy */;
		};
/* End PBXTargetDependency section */

/* Begin XCBuildConfiguration section */
		E4B69B4E0A3A1720003C02F2 /* Debug */ = {
			isa = XCBuildConfiguration;
			baseConfigurationReference = E4EB6923138AFD0F00A09F29 /* Project.xcconfig */;
			buildSettings = {
				ARCHS = "$(NATIVE_ARCH)";
				CONFIGURATION_BUILD_DIR = "$(SRCROOT)/bin/";
				COPY_PHASE_STRIP = NO;
				DEAD_CODE_STRIPPING = YES;
				GCC_AUTO_VECTORIZATION = YES;
				GCC_ENABLE_SSE3_EXTENSIONS = YES;
				GCC_ENABLE_SUPPLEMENTAL_SSE3_INSTRUCTIONS = YES;
				GCC_INLINES_ARE_PRIVATE_EXTERN = NO;
				GCC_OPTIMIZATION_LEVEL = 0;
				GCC_SYMBOLS_PRIVATE_EXTERN = NO;
				GCC_WARN_ABOUT_DEPRECATED_FUNCTIONS = YES;
				GCC_WARN_ABOUT_INVALID_OFFSETOF_MACRO = NO;
				GCC_WARN_ALLOW_INCOMPLETE_PROTOCOL = NO;
				GCC_WARN_UNINITIALIZED_AUTOS = NO;
				GCC_WARN_UNUSED_VALUE = NO;
				GCC_WARN_UNUSED_VARIABLE = NO;
				HEADER_SEARCH_PATHS = (
					"$(OF_CORE_HEADERS)",
					../../../../OFX/addons/ofxOsc/libs,
					../../../../OFX/addons/ofxOsc/libs/oscpack,
					../../../../OFX/addons/ofxOsc/libs/oscpack/src,
					../../../../OFX/addons/ofxOsc/libs/oscpack/src/ip,
					../../../../OFX/addons/ofxOsc/libs/oscpack/src/ip/posix,
					../../../../OFX/addons/ofxOsc/libs/oscpack/src/ip/win32,
					../../../../OFX/addons/ofxOsc/libs/oscpack/src/osc,
					../../../../OFX/addons/ofxOsc/src,
					../../../../OFX/addons/ofxUI/libs,
					../../../../OFX/addons/ofxUI/src,
				);
				MACOSX_DEPLOYMENT_TARGET = 10.6;
				OTHER_CPLUSPLUSFLAGS = (
					"-D__MACOSX_CORE__",
					"-lpthread",
					"-mtune=native",
				);
				SDKROOT = macosx;
			};
			name = Debug;
		};
		E4B69B4F0A3A1720003C02F2 /* Release */ = {
			isa = XCBuildConfiguration;
			baseConfigurationReference = E4EB6923138AFD0F00A09F29 /* Project.xcconfig */;
			buildSettings = {
				ARCHS = "$(NATIVE_ARCH)";
				CONFIGURATION_BUILD_DIR = "$(SRCROOT)/bin/";
				COPY_PHASE_STRIP = YES;
				DEAD_CODE_STRIPPING = YES;
				GCC_AUTO_VECTORIZATION = YES;
				GCC_ENABLE_SSE3_EXTENSIONS = YES;
				GCC_ENABLE_SUPPLEMENTAL_SSE3_INSTRUCTIONS = YES;
				GCC_INLINES_ARE_PRIVATE_EXTERN = NO;
				GCC_OPTIMIZATION_LEVEL = 3;
				GCC_SYMBOLS_PRIVATE_EXTERN = NO;
				GCC_UNROLL_LOOPS = YES;
				GCC_WARN_ABOUT_DEPRECATED_FUNCTIONS = YES;
				GCC_WARN_ABOUT_INVALID_OFFSETOF_MACRO = NO;
				GCC_WARN_ALLOW_INCOMPLETE_PROTOCOL = NO;
				GCC_WARN_UNINITIALIZED_AUTOS = NO;
				GCC_WARN_UNUSED_VALUE = NO;
				GCC_WARN_UNUSED_VARIABLE = NO;
				HEADER_SEARCH_PATHS = (
					"$(OF_CORE_HEADERS)",
					../../../../OFX/addons/ofxOsc/libs,
					../../../../OFX/addons/ofxOsc/libs/oscpack,
					../../../../OFX/addons/ofxOsc/libs/oscpack/src,
					../../../../OFX/addons/ofxOsc/libs/oscpack/src/ip,
					../../../../OFX/addons/ofxOsc/libs/oscpack/src/ip/posix,
					../../../../OFX/addons/ofxOsc/libs/oscpack/src/ip/win32,
					../../../../OFX/addons/ofxOsc/libs/oscpack/src/osc,
					../../../../OFX/addons/ofxOsc/src,
					../../../../OFX/addons/ofxUI/libs,
					../../../../OFX/addons/ofxUI/src,
				);
				MACOSX_DEPLOYMENT_TARGET = 10.6;
				OTHER_CPLUSPLUSFLAGS = (
					"-D__MACOSX_CORE__",
					"-lpthread",
					"-mtune=native",
				);
				SDKROOT = macosx;
			};
			name = Release;
		};
		E4B69B600A3A1757003C02F2 /* Debug */ = {
			isa = XCBuildConfiguration;
			buildSettings = {
				COMBINE_HIDPI_IMAGES = YES;
				COPY_PHASE_STRIP = NO;
				FRAMEWORK_SEARCH_PATHS = (
					"$(inherited)",
					"$(FRAMEWORK_SEARCH_PATHS_QUOTED_FOR_TARGET_1)",
				);
				FRAMEWORK_SEARCH_PATHS_QUOTED_FOR_TARGET_1 = "\"$(SRCROOT)/../../../../OFX/libs/glut/lib/osx\"";
				GCC_DYNAMIC_NO_PIC = NO;
				GCC_GENERATE_DEBUGGING_SYMBOLS = YES;
				GCC_MODEL_TUNING = NONE;
				ICON = "$(ICON_NAME_DEBUG)";
				ICON_FILE = "$(ICON_FILE_PATH)$(ICON)";
				INFOPLIST_FILE = "openFrameworks-Info.plist";
				INSTALL_PATH = "$(HOME)/Applications";
				LIBRARY_SEARCH_PATHS = (
					"$(inherited)",
					"$(LIBRARY_SEARCH_PATHS_QUOTED_FOR_TARGET_1)",
					"$(LIBRARY_SEARCH_PATHS_QUOTED_FOR_TARGET_2)",
					"$(LIBRARY_SEARCH_PATHS_QUOTED_FOR_TARGET_3)",
					"$(LIBRARY_SEARCH_PATHS_QUOTED_FOR_TARGET_4)",
					"$(LIBRARY_SEARCH_PATHS_QUOTED_FOR_TARGET_5)",
					"$(LIBRARY_SEARCH_PATHS_QUOTED_FOR_TARGET_6)",
					"$(LIBRARY_SEARCH_PATHS_QUOTED_FOR_TARGET_7)",
					"$(LIBRARY_SEARCH_PATHS_QUOTED_FOR_TARGET_8)",
					"$(LIBRARY_SEARCH_PATHS_QUOTED_FOR_TARGET_9)",
					"$(LIBRARY_SEARCH_PATHS_QUOTED_FOR_TARGET_10)",
					"$(LIBRARY_SEARCH_PATHS_QUOTED_FOR_TARGET_11)",
					"$(LIBRARY_SEARCH_PATHS_QUOTED_FOR_TARGET_12)",
					"$(LIBRARY_SEARCH_PATHS_QUOTED_FOR_TARGET_13)",
					"$(LIBRARY_SEARCH_PATHS_QUOTED_FOR_TARGET_14)",
					"$(LIBRARY_SEARCH_PATHS_QUOTED_FOR_TARGET_15)",
					"$(LIBRARY_SEARCH_PATHS_QUOTED_FOR_TARGET_2)",
					"$(LIBRARY_SEARCH_PATHS_QUOTED_FOR_TARGET_3)",
					"$(LIBRARY_SEARCH_PATHS_QUOTED_FOR_TARGET_7)",
					"$(LIBRARY_SEARCH_PATHS_QUOTED_FOR_TARGET_8)",
					"$(LIBRARY_SEARCH_PATHS_QUOTED_FOR_TARGET_9)",
					"$(LIBRARY_SEARCH_PATHS_QUOTED_FOR_TARGET_10)",
					"$(LIBRARY_SEARCH_PATHS_QUOTED_FOR_TARGET_11)",
					"$(LIBRARY_SEARCH_PATHS_QUOTED_FOR_TARGET_12)",
					"$(LIBRARY_SEARCH_PATHS_QUOTED_FOR_TARGET_13)",
					"$(LIBRARY_SEARCH_PATHS_QUOTED_FOR_TARGET_16)",
					"$(LIBRARY_SEARCH_PATHS_QUOTED_FOR_TARGET_17)",
					"$(LIBRARY_SEARCH_PATHS_QUOTED_FOR_TARGET_18)",
					"$(LIBRARY_SEARCH_PATHS_QUOTED_FOR_TARGET_19)",
					"$(LIBRARY_SEARCH_PATHS_QUOTED_FOR_TARGET_20)",
					"$(LIBRARY_SEARCH_PATHS_QUOTED_FOR_TARGET_21)",
					"$(LIBRARY_SEARCH_PATHS_QUOTED_FOR_TARGET_22)",
					"$(LIBRARY_SEARCH_PATHS_QUOTED_FOR_TARGET_23)",
					"$(LIBRARY_SEARCH_PATHS_QUOTED_FOR_TARGET_24)",
					"$(LIBRARY_SEARCH_PATHS_QUOTED_FOR_TARGET_25)",
					"$(LIBRARY_SEARCH_PATHS_QUOTED_FOR_TARGET_26)",
					"$(LIBRARY_SEARCH_PATHS_QUOTED_FOR_TARGET_27)",
					"$(LIBRARY_SEARCH_PATHS_QUOTED_FOR_TARGET_28)",
					"$(LIBRARY_SEARCH_PATHS_QUOTED_FOR_TARGET_29)",
					"$(LIBRARY_SEARCH_PATHS_QUOTED_FOR_TARGET_30)",
					"$(LIBRARY_SEARCH_PATHS_QUOTED_FOR_TARGET_31)",
					"$(LIBRARY_SEARCH_PATHS_QUOTED_FOR_TARGET_32)",
					"$(LIBRARY_SEARCH_PATHS_QUOTED_FOR_TARGET_33)",
					"$(LIBRARY_SEARCH_PATHS_QUOTED_FOR_TARGET_34)",
					"$(LIBRARY_SEARCH_PATHS_QUOTED_FOR_TARGET_35)",
					"$(LIBRARY_SEARCH_PATHS_QUOTED_FOR_TARGET_36)",
					"$(LIBRARY_SEARCH_PATHS_QUOTED_FOR_TARGET_37)",
					"$(LIBRARY_SEARCH_PATHS_QUOTED_FOR_TARGET_38)",
					"$(LIBRARY_SEARCH_PATHS_QUOTED_FOR_TARGET_39)",
					"$(LIBRARY_SEARCH_PATHS_QUOTED_FOR_TARGET_40)",
					"$(LIBRARY_SEARCH_PATHS_QUOTED_FOR_TARGET_41)",
					"$(LIBRARY_SEARCH_PATHS_QUOTED_FOR_TARGET_42)",
					"$(LIBRARY_SEARCH_PATHS_QUOTED_FOR_TARGET_43)",
					"$(LIBRARY_SEARCH_PATHS_QUOTED_FOR_TARGET_44)",
					"$(LIBRARY_SEARCH_PATHS_QUOTED_FOR_TARGET_45)",
					"$(LIBRARY_SEARCH_PATHS_QUOTED_FOR_TARGET_46)",
					"$(LIBRARY_SEARCH_PATHS_QUOTED_FOR_TARGET_47)",
					"$(LIBRARY_SEARCH_PATHS_QUOTED_FOR_TARGET_48)",
					"$(LIBRARY_SEARCH_PATHS_QUOTED_FOR_TARGET_49)",
					"$(LIBRARY_SEARCH_PATHS_QUOTED_FOR_TARGET_50)",
					"$(LIBRARY_SEARCH_PATHS_QUOTED_FOR_TARGET_51)",
					"$(LIBRARY_SEARCH_PATHS_QUOTED_FOR_TARGET_52)",
				);
				PRODUCT_NAME = "$(TARGET_NAME)Debug";
				SDKROOT = macosx10.8;
				WRAPPER_EXTENSION = app;
			};
			name = Debug;
		};
		E4B69B610A3A1757003C02F2 /* Release */ = {
			isa = XCBuildConfiguration;
			buildSettings = {
				COMBINE_HIDPI_IMAGES = YES;
				COPY_PHASE_STRIP = YES;
				FRAMEWORK_SEARCH_PATHS = (
					"$(inherited)",
					"$(FRAMEWORK_SEARCH_PATHS_QUOTED_FOR_TARGET_1)",
				);
				FRAMEWORK_SEARCH_PATHS_QUOTED_FOR_TARGET_1 = "\"$(SRCROOT)/../../../../OFX/libs/glut/lib/osx\"";
				GCC_GENERATE_DEBUGGING_SYMBOLS = YES;
				GCC_MODEL_TUNING = NONE;
				ICON = "$(ICON_NAME_RELEASE)";
				ICON_FILE = "$(ICON_FILE_PATH)$(ICON)";
				INFOPLIST_FILE = "openFrameworks-Info.plist";
				INSTALL_PATH = "$(HOME)/Applications";
				LIBRARY_SEARCH_PATHS = (
					"$(inherited)",
					"$(LIBRARY_SEARCH_PATHS_QUOTED_FOR_TARGET_1)",
					"$(LIBRARY_SEARCH_PATHS_QUOTED_FOR_TARGET_2)",
					"$(LIBRARY_SEARCH_PATHS_QUOTED_FOR_TARGET_3)",
					"$(LIBRARY_SEARCH_PATHS_QUOTED_FOR_TARGET_4)",
					"$(LIBRARY_SEARCH_PATHS_QUOTED_FOR_TARGET_5)",
					"$(LIBRARY_SEARCH_PATHS_QUOTED_FOR_TARGET_6)",
					"$(LIBRARY_SEARCH_PATHS_QUOTED_FOR_TARGET_7)",
					"$(LIBRARY_SEARCH_PATHS_QUOTED_FOR_TARGET_8)",
					"$(LIBRARY_SEARCH_PATHS_QUOTED_FOR_TARGET_9)",
					"$(LIBRARY_SEARCH_PATHS_QUOTED_FOR_TARGET_10)",
					"$(LIBRARY_SEARCH_PATHS_QUOTED_FOR_TARGET_11)",
					"$(LIBRARY_SEARCH_PATHS_QUOTED_FOR_TARGET_12)",
					"$(LIBRARY_SEARCH_PATHS_QUOTED_FOR_TARGET_13)",
					"$(LIBRARY_SEARCH_PATHS_QUOTED_FOR_TARGET_14)",
					"$(LIBRARY_SEARCH_PATHS_QUOTED_FOR_TARGET_15)",
					"$(LIBRARY_SEARCH_PATHS_QUOTED_FOR_TARGET_2)",
					"$(LIBRARY_SEARCH_PATHS_QUOTED_1)",
					"$(LIBRARY_SEARCH_PATHS_QUOTED_FOR_TARGET_3)",
					"$(LIBRARY_SEARCH_PATHS_QUOTED_FOR_TARGET_7)",
					"$(LIBRARY_SEARCH_PATHS_QUOTED_FOR_TARGET_8)",
					"$(LIBRARY_SEARCH_PATHS_QUOTED_FOR_TARGET_9)",
					"$(LIBRARY_SEARCH_PATHS_QUOTED_FOR_TARGET_10)",
					"$(LIBRARY_SEARCH_PATHS_QUOTED_FOR_TARGET_11)",
					"$(LIBRARY_SEARCH_PATHS_QUOTED_FOR_TARGET_12)",
					"$(LIBRARY_SEARCH_PATHS_QUOTED_FOR_TARGET_13)",
					"$(LIBRARY_SEARCH_PATHS_QUOTED_FOR_TARGET_16)",
					"$(LIBRARY_SEARCH_PATHS_QUOTED_FOR_TARGET_17)",
					"$(LIBRARY_SEARCH_PATHS_QUOTED_FOR_TARGET_18)",
					"$(LIBRARY_SEARCH_PATHS_QUOTED_FOR_TARGET_19)",
					"$(LIBRARY_SEARCH_PATHS_QUOTED_FOR_TARGET_20)",
					"$(LIBRARY_SEARCH_PATHS_QUOTED_FOR_TARGET_21)",
					"$(LIBRARY_SEARCH_PATHS_QUOTED_FOR_TARGET_22)",
					"$(LIBRARY_SEARCH_PATHS_QUOTED_FOR_TARGET_23)",
					"$(LIBRARY_SEARCH_PATHS_QUOTED_FOR_TARGET_24)",
					"$(LIBRARY_SEARCH_PATHS_QUOTED_FOR_TARGET_25)",
					"$(LIBRARY_SEARCH_PATHS_QUOTED_FOR_TARGET_26)",
					"$(LIBRARY_SEARCH_PATHS_QUOTED_FOR_TARGET_27)",
					"$(LIBRARY_SEARCH_PATHS_QUOTED_FOR_TARGET_28)",
					"$(LIBRARY_SEARCH_PATHS_QUOTED_FOR_TARGET_29)",
					"$(LIBRARY_SEARCH_PATHS_QUOTED_FOR_TARGET_30)",
					"$(LIBRARY_SEARCH_PATHS_QUOTED_FOR_TARGET_31)",
					"$(LIBRARY_SEARCH_PATHS_QUOTED_FOR_TARGET_32)",
					"$(LIBRARY_SEARCH_PATHS_QUOTED_FOR_TARGET_33)",
					"$(LIBRARY_SEARCH_PATHS_QUOTED_FOR_TARGET_34)",
					"$(LIBRARY_SEARCH_PATHS_QUOTED_FOR_TARGET_35)",
					"$(LIBRARY_SEARCH_PATHS_QUOTED_FOR_TARGET_36)",
					"$(LIBRARY_SEARCH_PATHS_QUOTED_FOR_TARGET_37)",
					"$(LIBRARY_SEARCH_PATHS_QUOTED_FOR_TARGET_38)",
					"$(LIBRARY_SEARCH_PATHS_QUOTED_FOR_TARGET_39)",
					"$(LIBRARY_SEARCH_PATHS_QUOTED_FOR_TARGET_40)",
					"$(LIBRARY_SEARCH_PATHS_QUOTED_FOR_TARGET_41)",
					"$(LIBRARY_SEARCH_PATHS_QUOTED_FOR_TARGET_42)",
					"$(LIBRARY_SEARCH_PATHS_QUOTED_FOR_TARGET_43)",
					"$(LIBRARY_SEARCH_PATHS_QUOTED_FOR_TARGET_44)",
					"$(LIBRARY_SEARCH_PATHS_QUOTED_FOR_TARGET_45)",
					"$(LIBRARY_SEARCH_PATHS_QUOTED_FOR_TARGET_46)",
					"$(LIBRARY_SEARCH_PATHS_QUOTED_FOR_TARGET_47)",
					"$(LIBRARY_SEARCH_PATHS_QUOTED_FOR_TARGET_48)",
					"$(LIBRARY_SEARCH_PATHS_QUOTED_FOR_TARGET_49)",
					"$(LIBRARY_SEARCH_PATHS_QUOTED_FOR_TARGET_50)",
					"$(LIBRARY_SEARCH_PATHS_QUOTED_FOR_TARGET_51)",
				);
				PRODUCT_NAME = "$(TARGET_NAME)";
				SDKROOT = macosx10.8;
				WRAPPER_EXTENSION = app;
			};
			name = Release;
		};
/* End XCBuildConfiguration section */

/* Begin XCConfigurationList section */
		E4B69B4D0A3A1720003C02F2 /* Build configuration list for PBXProject "AlgoFinal2" */ = {
			isa = XCConfigurationList;
			buildConfigurations = (
				E4B69B4E0A3A1720003C02F2 /* Debug */,
				E4B69B4F0A3A1720003C02F2 /* Release */,
			);
			defaultConfigurationIsVisible = 0;
			defaultConfigurationName = Release;
		};
		E4B69B5F0A3A1757003C02F2 /* Build configuration list for PBXNativeTarget "AlgoFinal2" */ = {
			isa = XCConfigurationList;
			buildConfigurations = (
				E4B69B600A3A1757003C02F2 /* Debug */,
				E4B69B610A3A1757003C02F2 /* Release */,
			);
			defaultConfigurationIsVisible = 0;
			defaultConfigurationName = Release;
		};
/* End XCConfigurationList section */
	};
	rootObject = E4B69B4C0A3A1720003C02F2 /* Project object */;
}
